
Microsoft Visual Studio Solution File, Format Version 12.00
# Visual Studio 2012
Project("{FAE04EC0-301F-11D3-BF4B-00C04F79EFBC}") = "UniQ", "UniQ\UniQ.csproj", "{0D037BCE-24B9-4C77-BA40-BDA077A0A0CF}"
EndProject
Project("{FAE04EC0-301F-11D3-BF4B-00C04F79EFBC}") = "SimpleChart", "SimpleChart\SimpleChart.csproj", "{1047D2A8-6A81-4C69-A05D-A65C5D53BFA8}"
EndProject
Global
	GlobalSection(SolutionConfigurationPlatforms) = preSolution
		Debug|Any CPU = Debug|Any CPU
		Debug|x64 = Debug|x64
		Debug|x86 = Debug|x86
		Release|Any CPU = Release|Any CPU
		Release|x64 = Release|x64
		Release|x86 = Release|x86
	EndGlobalSection
	GlobalSection(ProjectConfigurationPlatforms) = postSolution
		{0D037BCE-24B9-4C77-BA40-BDA077A0A0CF}.Debug|Any CPU.ActiveCfg = Debug|Any CPU
		{0D037BCE-24B9-4C77-BA40-BDA077A0A0CF}.Debug|Any CPU.Build.0 = Debug|Any CPU
		{0D037BCE-24B9-4C77-BA40-BDA077A0A0CF}.Debug|x64.ActiveCfg = Debug|Any CPU
		{0D037BCE-24B9-4C77-BA40-BDA077A0A0CF}.Debug|x64.Build.0 = Debug|Any CPU
		{0D037BCE-24B9-4C77-BA40-BDA077A0A0CF}.Debug|x86.ActiveCfg = Debug|Any CPU
		{0D037BCE-24B9-4C77-BA40-BDA077A0A0CF}.Debug|x86.Build.0 = Debug|Any CPU
		{0D037BCE-24B9-4C77-BA40-BDA077A0A0CF}.Release|Any CPU.ActiveCfg = Release|Any CPU
		{0D037BCE-24B9-4C77-BA40-BDA077A0A0CF}.Release|Any CPU.Build.0 = Release|Any CPU
		{0D037BCE-24B9-4C77-BA40-BDA077A0A0CF}.Release|x64.ActiveCfg = Release|Any CPU
		{0D037BCE-24B9-4C77-BA40-BDA077A0A0CF}.Release|x64.Build.0 = Release|Any CPU
		{0D037BCE-24B9-4C77-BA40-BDA077A0A0CF}.Release|x86.ActiveCfg = Release|Any CPU
		{0D037BCE-24B9-4C77-BA40-BDA077A0A0CF}.Release|x86.Build.0 = Release|Any CPU
		{1047D2A8-6A81-4C69-A05D-A65C5D53BFA8}.Debug|Any CPU.ActiveCfg = Debug|Any CPU
		{1047D2A8-6A81-4C69-A05D-A65C5D53BFA8}.Debug|Any CPU.Build.0 = Debug|Any CPU
		{1047D2A8-6A81-4C69-A05D-A65C5D53BFA8}.Debug|x64.ActiveCfg = Debug|Any CPU
		{1047D2A8-6A81-4C69-A05D-A65C5D53BFA8}.Debug|x86.ActiveCfg = Debug|Any CPU
		{1047D2A8-6A81-4C69-A05D-A65C5D53BFA8}.Release|Any CPU.ActiveCfg = Release|Any CPU
		{1047D2A8-6A81-4C69-A05D-A65C5D53BFA8}.Release|Any CPU.Build.0 = Release|Any CPU
		{1047D2A8-6A81-4C69-A05D-A65C5D53BFA8}.Release|x64.ActiveCfg = Release|Any CPU
		{1047D2A8-6A81-4C69-A05D-A65C5D53BFA8}.Release|x86.ActiveCfg = Release|Any CPU
	EndGlobalSection
	GlobalSection(SolutionProperties) = preSolution
		HideSolutionNode = FALSE
	EndGlobalSection
EndGlobal
