
Microsoft Visual Studio Solution File, Format Version 12.00
# Visual Studio 15
VisualStudioVersion = 15.0.26228.9
MinimumVisualStudioVersion = 10.0.40219.1
Project("{FAE04EC0-301F-11D3-BF4B-00C04F79EFBC}") = "PatternLab", "PatternLab.csproj", "{E2B55594-2C73-44BA-B146-EC5C989B5BD0}"
	ProjectSection(ProjectDependencies) = postProject
		{31DBB047-5693-49FC-8015-DBC9868B359B} = {31DBB047-5693-49FC-8015-DBC9868B359B}
	EndProjectSection
EndProject
Project("{FAE04EC0-301F-11D3-BF4B-00C04F79EFBC}") = "PatternTools", "lib\PatternTools\PatternTools.csproj", "{6D69C8A1-9D73-4E86-956F-BBF3392496C9}"
EndProject
Project("{FAE04EC0-301F-11D3-BF4B-00C04F79EFBC}") = "PepExplorer", "lib\PepExplorer\PepExplorer2\PepExplorer.csproj", "{8FBB754C-2C0A-4523-80CD-D3BB45B097F5}"
EndProject
Project("{FAE04EC0-301F-11D3-BF4B-00C04F79EFBC}") = "PeptideAnotation", "lib\PeptideAnotation\PeptideAnotation.csproj", "{1207C110-0D29-4CF4-AB25-97B7E983EFEA}"
EndProject
Project("{FAE04EC0-301F-11D3-BF4B-00C04F79EFBC}") = "Anova", "lib\Anova\Anova.csproj", "{E6BDA195-1905-4154-BCE1-E12B2831521F}"
EndProject
Project("{FAE04EC0-301F-11D3-BF4B-00C04F79EFBC}") = "BelaGraph", "lib\BelaGraph\BelaGraph.csproj", "{EF3EE654-49B2-4181-B0A9-E3D2B8B4F2D7}"
EndProject
Project("{FAE04EC0-301F-11D3-BF4B-00C04F79EFBC}") = "Buzios", "lib\Buzios\ProteomicsCluster\Buzios.csproj", "{96E80BC4-C3DC-4512-8523-EDF248BD03C8}"
EndProject
Project("{FAE04EC0-301F-11D3-BF4B-00C04F79EFBC}") = "CometWrapper", "lib\CommetWrapper\CommetWrapper\CometWrapper.csproj", "{C67A6460-34CF-475F-B79B-1539753216ED}"
EndProject
Project("{FAE04EC0-301F-11D3-BF4B-00C04F79EFBC}") = "GO", "lib\GO\GO\GO.csproj", "{C50BD19B-B6D8-4FB1-9DCD-6A49ED221F67}"
EndProject
Project("{FAE04EC0-301F-11D3-BF4B-00C04F79EFBC}") = "GraphLib", "lib\PepExplorer\GraphLib\GraphLib.csproj", "{F8BBA067-2FB5-45E2-B0FF-66C4CB3F4CB4}"
EndProject
Project("{FAE04EC0-301F-11D3-BF4B-00C04F79EFBC}") = "HMMVerifier", "lib\HMMVerifier\HMMVerifier.csproj", "{43579599-3389-4683-B6D2-B5692355E8E4}"
EndProject
Project("{FAE04EC0-301F-11D3-BF4B-00C04F79EFBC}") = "RawReader", "lib\RawReader\RawReader\RawReader.csproj", "{AB6E08A7-D4B8-48AB-87FF-7202DFFC2983}"
EndProject
Project("{FAE04EC0-301F-11D3-BF4B-00C04F79EFBC}") = "RbfClassifier", "lib\RbfClassifier\RbfClassifier.csproj", "{4EE435F4-C779-4C3A-8F76-B8F5CA2C955D}"
EndProject
Project("{FAE04EC0-301F-11D3-BF4B-00C04F79EFBC}") = "Regrouper", "lib\Regrouper\Regrouper.csproj", "{3FAEE333-5176-440B-8953-1D2D63CDC9EF}"
EndProject
Project("{FAE04EC0-301F-11D3-BF4B-00C04F79EFBC}") = "SEProcessor", "lib\SEPro\SEProcessor.csproj", "{B57CBB49-0570-4468-8BC0-60E8465F6305}"
EndProject
Project("{FAE04EC0-301F-11D3-BF4B-00C04F79EFBC}") = "SeproQ", "lib\SEProQ\SEProQ\SeproQ.csproj", "{F58C1F2E-7711-4B1B-894E-3331851135F8}"
EndProject
Project("{FAE04EC0-301F-11D3-BF4B-00C04F79EFBC}") = "SEPRPackage", "lib\SEPRPackage\SEPRPackage.csproj", "{7E2AB1FB-3420-41D3-9028-6AA4BAE3DA90}"
EndProject
Project("{FAE04EC0-301F-11D3-BF4B-00C04F79EFBC}") = "TrendQuest", "lib\TrendQuest\TrendFinder\TrendFinder\TrendQuest.csproj", "{D1601F5F-5A79-4E7E-B7B8-64498F5EE95C}"
EndProject
Project("{FAE04EC0-301F-11D3-BF4B-00C04F79EFBC}") = "Venn", "lib\Venn\Venn\Venn.csproj", "{F5D744DA-A1BC-4A39-815A-5EEF7C8B4270}"
EndProject
Project("{FAE04EC0-301F-11D3-BF4B-00C04F79EFBC}") = "ProteinCoverageViewer", "lib\PepExplorer\ProteinCoverageViewer\ProteinCoverageViewer.csproj", "{1883C8FA-8778-41FB-955C-1267FE9DD5FB}"
EndProject
Project("{FAE04EC0-301F-11D3-BF4B-00C04F79EFBC}") = "XQuant", "lib\XQuant\XQuant\XQuant.csproj", "{CEF43E44-A86C-496E-99FB-AF148C7988EF}"
EndProject
Project("{FAE04EC0-301F-11D3-BF4B-00C04F79EFBC}") = "XFold", "lib\ACFold\parserGUI\XFold.csproj", "{31DBB047-5693-49FC-8015-DBC9868B359B}"
EndProject
Project("{FAE04EC0-301F-11D3-BF4B-00C04F79EFBC}") = "NCBIExtractor", "lib\NCBIExtractor\NCBIExtractor.csproj", "{79C8DF6E-9C97-4098-AB81-C4152070C52E}"
EndProject
Project("{FAE04EC0-301F-11D3-BF4B-00C04F79EFBC}") = "XDScore", "lib\XDScore\XDScore\XDScore.csproj", "{BD9E90E6-9226-4A11-AF5D-48256CB082BF}"
EndProject
Project("{FAE04EC0-301F-11D3-BF4B-00C04F79EFBC}") = "PLP", "lib\PLP\PLP.csproj", "{08C2B4D7-20DD-4C42-8F27-C9A42AFE499D}"
EndProject
Project("{FAE04EC0-301F-11D3-BF4B-00C04F79EFBC}") = "Aligner", "lib\MAligner\Aligner.csproj", "{ADD66846-34B8-496C-8988-D550564013DB}"
EndProject
Project("{FAE04EC0-301F-11D3-BF4B-00C04F79EFBC}") = "UniQ", "lib\SEProQ\uniq\UniQ\UniQ.csproj", "{0D037BCE-24B9-4C77-BA40-BDA077A0A0CF}"
EndProject
Project("{FAE04EC0-301F-11D3-BF4B-00C04F79EFBC}") = "MicroChart", "lib\MicroChart\MicroChart.csproj", "{A33EC971-3F9E-47AB-AAD0-4F1FA8312786}"
EndProject
Project("{FAE04EC0-301F-11D3-BF4B-00C04F79EFBC}") = "EntryPoint", "EntryPoint\EntryPoint.csproj", "{B4390317-0C89-4118-92BE-5C3FA375A738}"
EndProject
Project("{FAE04EC0-301F-11D3-BF4B-00C04F79EFBC}") = "CSMSL", "lib\CSMSL-develop\CSMSL.csproj", "{3C8C9F05-9C19-4251-95FA-05D7EDC8CAE6}"
EndProject
Project("{FAE04EC0-301F-11D3-BF4B-00C04F79EFBC}") = "Thermo", "lib\CSMSL-develop\IO\Thermo\Thermo.csproj", "{24DC85FF-E97B-4140-9614-77DD8FDDD32F}"
EndProject
Project("{FAE04EC0-301F-11D3-BF4B-00C04F79EFBC}") = "Histogram", "lib\Histogram\Histogram\Histogram.csproj", "{D329A319-E5B1-4786-B41B-DCB3C6D2304B}"
EndProject
Project("{FAE04EC0-301F-11D3-BF4B-00C04F79EFBC}") = "MSViewer", "lib\MSViewer\MSViewer\MSViewer.csproj", "{DF928D29-C19D-4373-9CE7-6DB2D2368E6E}"
EndProject
Project("{FAE04EC0-301F-11D3-BF4B-00C04F79EFBC}") = "XICViewerWPF", "lib\XICViewerWPF\XICViewerWPF\XICViewerWPF.csproj", "{09338E23-0FDD-4F5E-8F0F-B770BF684527}"
EndProject
Project("{FAE04EC0-301F-11D3-BF4B-00C04F79EFBC}") = "NextProt", "lib\SEPro\NextProt\NextProt\NextProt.csproj", "{695300E1-F680-4024-886B-4C13FAD7EE80}"
EndProject
Project("{FAE04EC0-301F-11D3-BF4B-00C04F79EFBC}") = "VennWPF2", "lib\VennWPF2\VennWPF2.csproj", "{1ED7A74E-3321-4689-B0C2-44809F9CF087}"
EndProject
Project("{FAE04EC0-301F-11D3-BF4B-00C04F79EFBC}") = "SpectrumViewer2", "lib\SpectrumViewer2\SpectrumViewer2\SpectrumViewer2.csproj", "{737F9E99-FAB5-4928-A881-9D8E7EFC0399}"
EndProject
Project("{FAE04EC0-301F-11D3-BF4B-00C04F79EFBC}") = "XQuantDebug", "..\XQuantDebug\XQuantDebug.csproj", "{4215FCBE-6734-4E90-A2CB-ECADF7439B4F}"
EndProject
Global
	GlobalSection(SolutionConfigurationPlatforms) = preSolution
		Automated_Build|Any CPU = Automated_Build|Any CPU
		Automated_Build|Mixed Platforms = Automated_Build|Mixed Platforms
		Automated_Build|x64 = Automated_Build|x64
		Automated_Build|x86 = Automated_Build|x86
		Debug|Any CPU = Debug|Any CPU
		Debug|Mixed Platforms = Debug|Mixed Platforms
		Debug|x64 = Debug|x64
		Debug|x86 = Debug|x86
		Release|Any CPU = Release|Any CPU
		Release|Mixed Platforms = Release|Mixed Platforms
		Release|x64 = Release|x64
		Release|x86 = Release|x86
	EndGlobalSection
	GlobalSection(ProjectConfigurationPlatforms) = postSolution
		{E2B55594-2C73-44BA-B146-EC5C989B5BD0}.Automated_Build|Any CPU.ActiveCfg = Release|Any CPU
		{E2B55594-2C73-44BA-B146-EC5C989B5BD0}.Automated_Build|Any CPU.Build.0 = Release|Any CPU
		{E2B55594-2C73-44BA-B146-EC5C989B5BD0}.Automated_Build|Mixed Platforms.ActiveCfg = Release|Any CPU
		{E2B55594-2C73-44BA-B146-EC5C989B5BD0}.Automated_Build|Mixed Platforms.Build.0 = Release|Any CPU
		{E2B55594-2C73-44BA-B146-EC5C989B5BD0}.Automated_Build|x64.ActiveCfg = Debug|x64
		{E2B55594-2C73-44BA-B146-EC5C989B5BD0}.Automated_Build|x64.Build.0 = Debug|x64
		{E2B55594-2C73-44BA-B146-EC5C989B5BD0}.Automated_Build|x86.ActiveCfg = Release|Any CPU
		{E2B55594-2C73-44BA-B146-EC5C989B5BD0}.Debug|Any CPU.ActiveCfg = Debug|Any CPU
		{E2B55594-2C73-44BA-B146-EC5C989B5BD0}.Debug|Any CPU.Build.0 = Debug|Any CPU
		{E2B55594-2C73-44BA-B146-EC5C989B5BD0}.Debug|Mixed Platforms.ActiveCfg = Debug|Any CPU
		{E2B55594-2C73-44BA-B146-EC5C989B5BD0}.Debug|Mixed Platforms.Build.0 = Debug|Any CPU
		{E2B55594-2C73-44BA-B146-EC5C989B5BD0}.Debug|x64.ActiveCfg = Debug|Any CPU
		{E2B55594-2C73-44BA-B146-EC5C989B5BD0}.Debug|x64.Build.0 = Debug|Any CPU
		{E2B55594-2C73-44BA-B146-EC5C989B5BD0}.Debug|x86.ActiveCfg = Debug|Any CPU
		{E2B55594-2C73-44BA-B146-EC5C989B5BD0}.Release|Any CPU.ActiveCfg = Release|Any CPU
		{E2B55594-2C73-44BA-B146-EC5C989B5BD0}.Release|Any CPU.Build.0 = Release|Any CPU
		{E2B55594-2C73-44BA-B146-EC5C989B5BD0}.Release|Mixed Platforms.ActiveCfg = Release|x64
		{E2B55594-2C73-44BA-B146-EC5C989B5BD0}.Release|Mixed Platforms.Build.0 = Release|x64
		{E2B55594-2C73-44BA-B146-EC5C989B5BD0}.Release|x64.ActiveCfg = Release|Any CPU
		{E2B55594-2C73-44BA-B146-EC5C989B5BD0}.Release|x86.ActiveCfg = Release|Any CPU
		{6D69C8A1-9D73-4E86-956F-BBF3392496C9}.Automated_Build|Any CPU.ActiveCfg = Release|Any CPU
		{6D69C8A1-9D73-4E86-956F-BBF3392496C9}.Automated_Build|Any CPU.Build.0 = Release|Any CPU
		{6D69C8A1-9D73-4E86-956F-BBF3392496C9}.Automated_Build|Mixed Platforms.ActiveCfg = Release|x86
		{6D69C8A1-9D73-4E86-956F-BBF3392496C9}.Automated_Build|Mixed Platforms.Build.0 = Release|x86
		{6D69C8A1-9D73-4E86-956F-BBF3392496C9}.Automated_Build|x64.ActiveCfg = Release|x64
		{6D69C8A1-9D73-4E86-956F-BBF3392496C9}.Automated_Build|x64.Build.0 = Release|x64
		{6D69C8A1-9D73-4E86-956F-BBF3392496C9}.Automated_Build|x86.ActiveCfg = Release|x86
		{6D69C8A1-9D73-4E86-956F-BBF3392496C9}.Automated_Build|x86.Build.0 = Release|x86
		{6D69C8A1-9D73-4E86-956F-BBF3392496C9}.Debug|Any CPU.ActiveCfg = Debug|Any CPU
		{6D69C8A1-9D73-4E86-956F-BBF3392496C9}.Debug|Any CPU.Build.0 = Debug|Any CPU
		{6D69C8A1-9D73-4E86-956F-BBF3392496C9}.Debug|Mixed Platforms.ActiveCfg = Debug|Any CPU
		{6D69C8A1-9D73-4E86-956F-BBF3392496C9}.Debug|Mixed Platforms.Build.0 = Debug|Any CPU
		{6D69C8A1-9D73-4E86-956F-BBF3392496C9}.Debug|x64.ActiveCfg = Debug|x64
		{6D69C8A1-9D73-4E86-956F-BBF3392496C9}.Debug|x64.Build.0 = Debug|x64
		{6D69C8A1-9D73-4E86-956F-BBF3392496C9}.Debug|x86.ActiveCfg = Debug|x86
		{6D69C8A1-9D73-4E86-956F-BBF3392496C9}.Debug|x86.Build.0 = Debug|x86
		{6D69C8A1-9D73-4E86-956F-BBF3392496C9}.Release|Any CPU.ActiveCfg = Release|Any CPU
		{6D69C8A1-9D73-4E86-956F-BBF3392496C9}.Release|Any CPU.Build.0 = Release|Any CPU
		{6D69C8A1-9D73-4E86-956F-BBF3392496C9}.Release|Mixed Platforms.ActiveCfg = Release|x86
		{6D69C8A1-9D73-4E86-956F-BBF3392496C9}.Release|Mixed Platforms.Build.0 = Release|x86
		{6D69C8A1-9D73-4E86-956F-BBF3392496C9}.Release|x64.ActiveCfg = Release|x64
		{6D69C8A1-9D73-4E86-956F-BBF3392496C9}.Release|x64.Build.0 = Release|x64
		{6D69C8A1-9D73-4E86-956F-BBF3392496C9}.Release|x86.ActiveCfg = Release|x86
		{6D69C8A1-9D73-4E86-956F-BBF3392496C9}.Release|x86.Build.0 = Release|x86
		{8FBB754C-2C0A-4523-80CD-D3BB45B097F5}.Automated_Build|Any CPU.ActiveCfg = Release|Any CPU
		{8FBB754C-2C0A-4523-80CD-D3BB45B097F5}.Automated_Build|Any CPU.Build.0 = Release|Any CPU
		{8FBB754C-2C0A-4523-80CD-D3BB45B097F5}.Automated_Build|Mixed Platforms.ActiveCfg = Release|Any CPU
		{8FBB754C-2C0A-4523-80CD-D3BB45B097F5}.Automated_Build|Mixed Platforms.Build.0 = Release|Any CPU
		{8FBB754C-2C0A-4523-80CD-D3BB45B097F5}.Automated_Build|x64.ActiveCfg = Release|x64
		{8FBB754C-2C0A-4523-80CD-D3BB45B097F5}.Automated_Build|x64.Build.0 = Release|x64
		{8FBB754C-2C0A-4523-80CD-D3BB45B097F5}.Automated_Build|x86.ActiveCfg = Release|Any CPU
		{8FBB754C-2C0A-4523-80CD-D3BB45B097F5}.Debug|Any CPU.ActiveCfg = Debug|Any CPU
		{8FBB754C-2C0A-4523-80CD-D3BB45B097F5}.Debug|Any CPU.Build.0 = Debug|Any CPU
		{8FBB754C-2C0A-4523-80CD-D3BB45B097F5}.Debug|Mixed Platforms.ActiveCfg = Debug|Any CPU
		{8FBB754C-2C0A-4523-80CD-D3BB45B097F5}.Debug|Mixed Platforms.Build.0 = Debug|Any CPU
		{8FBB754C-2C0A-4523-80CD-D3BB45B097F5}.Debug|x64.ActiveCfg = Debug|x64
		{8FBB754C-2C0A-4523-80CD-D3BB45B097F5}.Debug|x64.Build.0 = Debug|x64
		{8FBB754C-2C0A-4523-80CD-D3BB45B097F5}.Debug|x86.ActiveCfg = Debug|Any CPU
		{8FBB754C-2C0A-4523-80CD-D3BB45B097F5}.Release|Any CPU.ActiveCfg = Release|Any CPU
		{8FBB754C-2C0A-4523-80CD-D3BB45B097F5}.Release|Any CPU.Build.0 = Release|Any CPU
		{8FBB754C-2C0A-4523-80CD-D3BB45B097F5}.Release|Mixed Platforms.ActiveCfg = Release|Any CPU
		{8FBB754C-2C0A-4523-80CD-D3BB45B097F5}.Release|Mixed Platforms.Build.0 = Release|Any CPU
		{8FBB754C-2C0A-4523-80CD-D3BB45B097F5}.Release|x64.ActiveCfg = Release|x64
		{8FBB754C-2C0A-4523-80CD-D3BB45B097F5}.Release|x64.Build.0 = Release|x64
		{8FBB754C-2C0A-4523-80CD-D3BB45B097F5}.Release|x86.ActiveCfg = Release|Any CPU
		{1207C110-0D29-4CF4-AB25-97B7E983EFEA}.Automated_Build|Any CPU.ActiveCfg = Release|Any CPU
		{1207C110-0D29-4CF4-AB25-97B7E983EFEA}.Automated_Build|Any CPU.Build.0 = Release|Any CPU
		{1207C110-0D29-4CF4-AB25-97B7E983EFEA}.Automated_Build|Mixed Platforms.ActiveCfg = Release|Any CPU
		{1207C110-0D29-4CF4-AB25-97B7E983EFEA}.Automated_Build|Mixed Platforms.Build.0 = Release|Any CPU
		{1207C110-0D29-4CF4-AB25-97B7E983EFEA}.Automated_Build|x64.ActiveCfg = Release|Any CPU
		{1207C110-0D29-4CF4-AB25-97B7E983EFEA}.Automated_Build|x86.ActiveCfg = Release|Any CPU
		{1207C110-0D29-4CF4-AB25-97B7E983EFEA}.Debug|Any CPU.ActiveCfg = Debug|Any CPU
		{1207C110-0D29-4CF4-AB25-97B7E983EFEA}.Debug|Any CPU.Build.0 = Debug|Any CPU
		{1207C110-0D29-4CF4-AB25-97B7E983EFEA}.Debug|Mixed Platforms.ActiveCfg = Debug|Any CPU
		{1207C110-0D29-4CF4-AB25-97B7E983EFEA}.Debug|Mixed Platforms.Build.0 = Debug|Any CPU
		{1207C110-0D29-4CF4-AB25-97B7E983EFEA}.Debug|x64.ActiveCfg = Debug|Any CPU
		{1207C110-0D29-4CF4-AB25-97B7E983EFEA}.Debug|x64.Build.0 = Debug|Any CPU
		{1207C110-0D29-4CF4-AB25-97B7E983EFEA}.Debug|x86.ActiveCfg = Debug|Any CPU
		{1207C110-0D29-4CF4-AB25-97B7E983EFEA}.Release|Any CPU.ActiveCfg = Release|Any CPU
		{1207C110-0D29-4CF4-AB25-97B7E983EFEA}.Release|Any CPU.Build.0 = Release|Any CPU
		{1207C110-0D29-4CF4-AB25-97B7E983EFEA}.Release|Mixed Platforms.ActiveCfg = Release|Any CPU
		{1207C110-0D29-4CF4-AB25-97B7E983EFEA}.Release|Mixed Platforms.Build.0 = Release|Any CPU
		{1207C110-0D29-4CF4-AB25-97B7E983EFEA}.Release|x64.ActiveCfg = Release|Any CPU
		{1207C110-0D29-4CF4-AB25-97B7E983EFEA}.Release|x86.ActiveCfg = Release|Any CPU
		{E6BDA195-1905-4154-BCE1-E12B2831521F}.Automated_Build|Any CPU.ActiveCfg = Release|Any CPU
		{E6BDA195-1905-4154-BCE1-E12B2831521F}.Automated_Build|Any CPU.Build.0 = Release|Any CPU
		{E6BDA195-1905-4154-BCE1-E12B2831521F}.Automated_Build|Mixed Platforms.ActiveCfg = Release|Any CPU
		{E6BDA195-1905-4154-BCE1-E12B2831521F}.Automated_Build|Mixed Platforms.Build.0 = Release|Any CPU
		{E6BDA195-1905-4154-BCE1-E12B2831521F}.Automated_Build|x64.ActiveCfg = Release|Any CPU
		{E6BDA195-1905-4154-BCE1-E12B2831521F}.Automated_Build|x86.ActiveCfg = Release|Any CPU
		{E6BDA195-1905-4154-BCE1-E12B2831521F}.Debug|Any CPU.ActiveCfg = Debug|Any CPU
		{E6BDA195-1905-4154-BCE1-E12B2831521F}.Debug|Any CPU.Build.0 = Debug|Any CPU
		{E6BDA195-1905-4154-BCE1-E12B2831521F}.Debug|Mixed Platforms.ActiveCfg = Debug|Any CPU
		{E6BDA195-1905-4154-BCE1-E12B2831521F}.Debug|Mixed Platforms.Build.0 = Debug|Any CPU
		{E6BDA195-1905-4154-BCE1-E12B2831521F}.Debug|x64.ActiveCfg = Debug|Any CPU
		{E6BDA195-1905-4154-BCE1-E12B2831521F}.Debug|x64.Build.0 = Debug|Any CPU
		{E6BDA195-1905-4154-BCE1-E12B2831521F}.Debug|x86.ActiveCfg = Debug|Any CPU
		{E6BDA195-1905-4154-BCE1-E12B2831521F}.Release|Any CPU.ActiveCfg = Release|Any CPU
		{E6BDA195-1905-4154-BCE1-E12B2831521F}.Release|Any CPU.Build.0 = Release|Any CPU
		{E6BDA195-1905-4154-BCE1-E12B2831521F}.Release|Mixed Platforms.ActiveCfg = Release|Any CPU
		{E6BDA195-1905-4154-BCE1-E12B2831521F}.Release|Mixed Platforms.Build.0 = Release|Any CPU
		{E6BDA195-1905-4154-BCE1-E12B2831521F}.Release|x64.ActiveCfg = Release|Any CPU
		{E6BDA195-1905-4154-BCE1-E12B2831521F}.Release|x86.ActiveCfg = Release|Any CPU
		{EF3EE654-49B2-4181-B0A9-E3D2B8B4F2D7}.Automated_Build|Any CPU.ActiveCfg = Release|Any CPU
		{EF3EE654-49B2-4181-B0A9-E3D2B8B4F2D7}.Automated_Build|Any CPU.Build.0 = Release|Any CPU
		{EF3EE654-49B2-4181-B0A9-E3D2B8B4F2D7}.Automated_Build|Mixed Platforms.ActiveCfg = Release|Any CPU
		{EF3EE654-49B2-4181-B0A9-E3D2B8B4F2D7}.Automated_Build|Mixed Platforms.Build.0 = Release|Any CPU
		{EF3EE654-49B2-4181-B0A9-E3D2B8B4F2D7}.Automated_Build|x64.ActiveCfg = Release|x64
		{EF3EE654-49B2-4181-B0A9-E3D2B8B4F2D7}.Automated_Build|x64.Build.0 = Release|x64
		{EF3EE654-49B2-4181-B0A9-E3D2B8B4F2D7}.Automated_Build|x86.ActiveCfg = Release|Any CPU
		{EF3EE654-49B2-4181-B0A9-E3D2B8B4F2D7}.Debug|Any CPU.ActiveCfg = Debug|Any CPU
		{EF3EE654-49B2-4181-B0A9-E3D2B8B4F2D7}.Debug|Any CPU.Build.0 = Debug|Any CPU
		{EF3EE654-49B2-4181-B0A9-E3D2B8B4F2D7}.Debug|Mixed Platforms.ActiveCfg = Debug|Any CPU
		{EF3EE654-49B2-4181-B0A9-E3D2B8B4F2D7}.Debug|Mixed Platforms.Build.0 = Debug|Any CPU
		{EF3EE654-49B2-4181-B0A9-E3D2B8B4F2D7}.Debug|x64.ActiveCfg = Debug|x64
		{EF3EE654-49B2-4181-B0A9-E3D2B8B4F2D7}.Debug|x64.Build.0 = Debug|x64
		{EF3EE654-49B2-4181-B0A9-E3D2B8B4F2D7}.Debug|x86.ActiveCfg = Debug|Any CPU
		{EF3EE654-49B2-4181-B0A9-E3D2B8B4F2D7}.Release|Any CPU.ActiveCfg = Release|Any CPU
		{EF3EE654-49B2-4181-B0A9-E3D2B8B4F2D7}.Release|Any CPU.Build.0 = Release|Any CPU
		{EF3EE654-49B2-4181-B0A9-E3D2B8B4F2D7}.Release|Mixed Platforms.ActiveCfg = Release|Any CPU
		{EF3EE654-49B2-4181-B0A9-E3D2B8B4F2D7}.Release|Mixed Platforms.Build.0 = Release|Any CPU
		{EF3EE654-49B2-4181-B0A9-E3D2B8B4F2D7}.Release|x64.ActiveCfg = Release|x64
		{EF3EE654-49B2-4181-B0A9-E3D2B8B4F2D7}.Release|x64.Build.0 = Release|x64
		{EF3EE654-49B2-4181-B0A9-E3D2B8B4F2D7}.Release|x86.ActiveCfg = Release|Any CPU
		{96E80BC4-C3DC-4512-8523-EDF248BD03C8}.Automated_Build|Any CPU.ActiveCfg = Release|Any CPU
		{96E80BC4-C3DC-4512-8523-EDF248BD03C8}.Automated_Build|Any CPU.Build.0 = Release|Any CPU
		{96E80BC4-C3DC-4512-8523-EDF248BD03C8}.Automated_Build|Mixed Platforms.ActiveCfg = Release|x86
		{96E80BC4-C3DC-4512-8523-EDF248BD03C8}.Automated_Build|Mixed Platforms.Build.0 = Release|x86
		{96E80BC4-C3DC-4512-8523-EDF248BD03C8}.Automated_Build|x64.ActiveCfg = Release|Any CPU
		{96E80BC4-C3DC-4512-8523-EDF248BD03C8}.Automated_Build|x86.ActiveCfg = Release|x86
		{96E80BC4-C3DC-4512-8523-EDF248BD03C8}.Automated_Build|x86.Build.0 = Release|x86
		{96E80BC4-C3DC-4512-8523-EDF248BD03C8}.Debug|Any CPU.ActiveCfg = Debug|Any CPU
		{96E80BC4-C3DC-4512-8523-EDF248BD03C8}.Debug|Any CPU.Build.0 = Debug|Any CPU
		{96E80BC4-C3DC-4512-8523-EDF248BD03C8}.Debug|Mixed Platforms.ActiveCfg = Debug|Any CPU
		{96E80BC4-C3DC-4512-8523-EDF248BD03C8}.Debug|Mixed Platforms.Build.0 = Debug|Any CPU
		{96E80BC4-C3DC-4512-8523-EDF248BD03C8}.Debug|x64.ActiveCfg = Debug|Any CPU
		{96E80BC4-C3DC-4512-8523-EDF248BD03C8}.Debug|x64.Build.0 = Debug|Any CPU
		{96E80BC4-C3DC-4512-8523-EDF248BD03C8}.Debug|x86.ActiveCfg = Debug|x86
		{96E80BC4-C3DC-4512-8523-EDF248BD03C8}.Debug|x86.Build.0 = Debug|x86
		{96E80BC4-C3DC-4512-8523-EDF248BD03C8}.Release|Any CPU.ActiveCfg = Release|Any CPU
		{96E80BC4-C3DC-4512-8523-EDF248BD03C8}.Release|Any CPU.Build.0 = Release|Any CPU
		{96E80BC4-C3DC-4512-8523-EDF248BD03C8}.Release|Mixed Platforms.ActiveCfg = Release|x86
		{96E80BC4-C3DC-4512-8523-EDF248BD03C8}.Release|Mixed Platforms.Build.0 = Release|x86
		{96E80BC4-C3DC-4512-8523-EDF248BD03C8}.Release|x64.ActiveCfg = Release|Any CPU
		{96E80BC4-C3DC-4512-8523-EDF248BD03C8}.Release|x86.ActiveCfg = Release|x86
		{96E80BC4-C3DC-4512-8523-EDF248BD03C8}.Release|x86.Build.0 = Release|x86
		{C67A6460-34CF-475F-B79B-1539753216ED}.Automated_Build|Any CPU.ActiveCfg = Release|Any CPU
		{C67A6460-34CF-475F-B79B-1539753216ED}.Automated_Build|Any CPU.Build.0 = Release|Any CPU
		{C67A6460-34CF-475F-B79B-1539753216ED}.Automated_Build|Mixed Platforms.ActiveCfg = Release|Any CPU
		{C67A6460-34CF-475F-B79B-1539753216ED}.Automated_Build|Mixed Platforms.Build.0 = Release|Any CPU
		{C67A6460-34CF-475F-B79B-1539753216ED}.Automated_Build|x64.ActiveCfg = Release|Any CPU
		{C67A6460-34CF-475F-B79B-1539753216ED}.Automated_Build|x86.ActiveCfg = Release|Any CPU
		{C67A6460-34CF-475F-B79B-1539753216ED}.Debug|Any CPU.ActiveCfg = Debug|Any CPU
		{C67A6460-34CF-475F-B79B-1539753216ED}.Debug|Any CPU.Build.0 = Debug|Any CPU
		{C67A6460-34CF-475F-B79B-1539753216ED}.Debug|Mixed Platforms.ActiveCfg = Debug|Any CPU
		{C67A6460-34CF-475F-B79B-1539753216ED}.Debug|Mixed Platforms.Build.0 = Debug|Any CPU
		{C67A6460-34CF-475F-B79B-1539753216ED}.Debug|x64.ActiveCfg = Debug|Any CPU
		{C67A6460-34CF-475F-B79B-1539753216ED}.Debug|x64.Build.0 = Debug|Any CPU
		{C67A6460-34CF-475F-B79B-1539753216ED}.Debug|x86.ActiveCfg = Debug|Any CPU
		{C67A6460-34CF-475F-B79B-1539753216ED}.Release|Any CPU.ActiveCfg = Release|Any CPU
		{C67A6460-34CF-475F-B79B-1539753216ED}.Release|Any CPU.Build.0 = Release|Any CPU
		{C67A6460-34CF-475F-B79B-1539753216ED}.Release|Mixed Platforms.ActiveCfg = Release|Any CPU
		{C67A6460-34CF-475F-B79B-1539753216ED}.Release|Mixed Platforms.Build.0 = Release|Any CPU
		{C67A6460-34CF-475F-B79B-1539753216ED}.Release|x64.ActiveCfg = Release|Any CPU
		{C67A6460-34CF-475F-B79B-1539753216ED}.Release|x86.ActiveCfg = Release|Any CPU
		{C50BD19B-B6D8-4FB1-9DCD-6A49ED221F67}.Automated_Build|Any CPU.ActiveCfg = Release|Any CPU
		{C50BD19B-B6D8-4FB1-9DCD-6A49ED221F67}.Automated_Build|Any CPU.Build.0 = Release|Any CPU
		{C50BD19B-B6D8-4FB1-9DCD-6A49ED221F67}.Automated_Build|Mixed Platforms.ActiveCfg = Release|Any CPU
		{C50BD19B-B6D8-4FB1-9DCD-6A49ED221F67}.Automated_Build|Mixed Platforms.Build.0 = Release|Any CPU
		{C50BD19B-B6D8-4FB1-9DCD-6A49ED221F67}.Automated_Build|x64.ActiveCfg = Release|x64
		{C50BD19B-B6D8-4FB1-9DCD-6A49ED221F67}.Automated_Build|x64.Build.0 = Release|x64
		{C50BD19B-B6D8-4FB1-9DCD-6A49ED221F67}.Automated_Build|x86.ActiveCfg = Release|Any CPU
		{C50BD19B-B6D8-4FB1-9DCD-6A49ED221F67}.Debug|Any CPU.ActiveCfg = Debug|Any CPU
		{C50BD19B-B6D8-4FB1-9DCD-6A49ED221F67}.Debug|Any CPU.Build.0 = Debug|Any CPU
		{C50BD19B-B6D8-4FB1-9DCD-6A49ED221F67}.Debug|Mixed Platforms.ActiveCfg = Debug|Any CPU
		{C50BD19B-B6D8-4FB1-9DCD-6A49ED221F67}.Debug|Mixed Platforms.Build.0 = Debug|Any CPU
		{C50BD19B-B6D8-4FB1-9DCD-6A49ED221F67}.Debug|x64.ActiveCfg = Debug|x64
		{C50BD19B-B6D8-4FB1-9DCD-6A49ED221F67}.Debug|x64.Build.0 = Debug|x64
		{C50BD19B-B6D8-4FB1-9DCD-6A49ED221F67}.Debug|x86.ActiveCfg = Debug|Any CPU
		{C50BD19B-B6D8-4FB1-9DCD-6A49ED221F67}.Release|Any CPU.ActiveCfg = Release|Any CPU
		{C50BD19B-B6D8-4FB1-9DCD-6A49ED221F67}.Release|Any CPU.Build.0 = Release|Any CPU
		{C50BD19B-B6D8-4FB1-9DCD-6A49ED221F67}.Release|Mixed Platforms.ActiveCfg = Release|Any CPU
		{C50BD19B-B6D8-4FB1-9DCD-6A49ED221F67}.Release|Mixed Platforms.Build.0 = Release|Any CPU
		{C50BD19B-B6D8-4FB1-9DCD-6A49ED221F67}.Release|x64.ActiveCfg = Release|x64
		{C50BD19B-B6D8-4FB1-9DCD-6A49ED221F67}.Release|x64.Build.0 = Release|x64
		{C50BD19B-B6D8-4FB1-9DCD-6A49ED221F67}.Release|x86.ActiveCfg = Release|Any CPU
		{F8BBA067-2FB5-45E2-B0FF-66C4CB3F4CB4}.Automated_Build|Any CPU.ActiveCfg = Release|Any CPU
		{F8BBA067-2FB5-45E2-B0FF-66C4CB3F4CB4}.Automated_Build|Any CPU.Build.0 = Release|Any CPU
		{F8BBA067-2FB5-45E2-B0FF-66C4CB3F4CB4}.Automated_Build|Mixed Platforms.ActiveCfg = Release|Any CPU
		{F8BBA067-2FB5-45E2-B0FF-66C4CB3F4CB4}.Automated_Build|Mixed Platforms.Build.0 = Release|Any CPU
		{F8BBA067-2FB5-45E2-B0FF-66C4CB3F4CB4}.Automated_Build|x64.ActiveCfg = Release|Any CPU
		{F8BBA067-2FB5-45E2-B0FF-66C4CB3F4CB4}.Automated_Build|x86.ActiveCfg = Release|Any CPU
		{F8BBA067-2FB5-45E2-B0FF-66C4CB3F4CB4}.Debug|Any CPU.ActiveCfg = Debug|Any CPU
		{F8BBA067-2FB5-45E2-B0FF-66C4CB3F4CB4}.Debug|Any CPU.Build.0 = Debug|Any CPU
		{F8BBA067-2FB5-45E2-B0FF-66C4CB3F4CB4}.Debug|Mixed Platforms.ActiveCfg = Debug|Any CPU
		{F8BBA067-2FB5-45E2-B0FF-66C4CB3F4CB4}.Debug|Mixed Platforms.Build.0 = Debug|Any CPU
		{F8BBA067-2FB5-45E2-B0FF-66C4CB3F4CB4}.Debug|x64.ActiveCfg = Debug|Any CPU
		{F8BBA067-2FB5-45E2-B0FF-66C4CB3F4CB4}.Debug|x64.Build.0 = Debug|Any CPU
		{F8BBA067-2FB5-45E2-B0FF-66C4CB3F4CB4}.Debug|x86.ActiveCfg = Debug|Any CPU
		{F8BBA067-2FB5-45E2-B0FF-66C4CB3F4CB4}.Release|Any CPU.ActiveCfg = Release|Any CPU
		{F8BBA067-2FB5-45E2-B0FF-66C4CB3F4CB4}.Release|Any CPU.Build.0 = Release|Any CPU
		{F8BBA067-2FB5-45E2-B0FF-66C4CB3F4CB4}.Release|Mixed Platforms.ActiveCfg = Release|Any CPU
		{F8BBA067-2FB5-45E2-B0FF-66C4CB3F4CB4}.Release|Mixed Platforms.Build.0 = Release|Any CPU
		{F8BBA067-2FB5-45E2-B0FF-66C4CB3F4CB4}.Release|x64.ActiveCfg = Release|Any CPU
		{F8BBA067-2FB5-45E2-B0FF-66C4CB3F4CB4}.Release|x86.ActiveCfg = Release|Any CPU
		{43579599-3389-4683-B6D2-B5692355E8E4}.Automated_Build|Any CPU.ActiveCfg = Release|Any CPU
		{43579599-3389-4683-B6D2-B5692355E8E4}.Automated_Build|Any CPU.Build.0 = Release|Any CPU
		{43579599-3389-4683-B6D2-B5692355E8E4}.Automated_Build|Mixed Platforms.ActiveCfg = Release|Any CPU
		{43579599-3389-4683-B6D2-B5692355E8E4}.Automated_Build|Mixed Platforms.Build.0 = Release|Any CPU
		{43579599-3389-4683-B6D2-B5692355E8E4}.Automated_Build|x64.ActiveCfg = Release|Any CPU
		{43579599-3389-4683-B6D2-B5692355E8E4}.Automated_Build|x86.ActiveCfg = Release|Any CPU
		{43579599-3389-4683-B6D2-B5692355E8E4}.Debug|Any CPU.ActiveCfg = Debug|Any CPU
		{43579599-3389-4683-B6D2-B5692355E8E4}.Debug|Any CPU.Build.0 = Debug|Any CPU
		{43579599-3389-4683-B6D2-B5692355E8E4}.Debug|Mixed Platforms.ActiveCfg = Debug|Any CPU
		{43579599-3389-4683-B6D2-B5692355E8E4}.Debug|Mixed Platforms.Build.0 = Debug|Any CPU
		{43579599-3389-4683-B6D2-B5692355E8E4}.Debug|x64.ActiveCfg = Debug|Any CPU
		{43579599-3389-4683-B6D2-B5692355E8E4}.Debug|x64.Build.0 = Debug|Any CPU
		{43579599-3389-4683-B6D2-B5692355E8E4}.Debug|x86.ActiveCfg = Debug|Any CPU
		{43579599-3389-4683-B6D2-B5692355E8E4}.Release|Any CPU.ActiveCfg = Release|Any CPU
		{43579599-3389-4683-B6D2-B5692355E8E4}.Release|Any CPU.Build.0 = Release|Any CPU
		{43579599-3389-4683-B6D2-B5692355E8E4}.Release|Mixed Platforms.ActiveCfg = Release|Any CPU
		{43579599-3389-4683-B6D2-B5692355E8E4}.Release|Mixed Platforms.Build.0 = Release|Any CPU
		{43579599-3389-4683-B6D2-B5692355E8E4}.Release|x64.ActiveCfg = Release|Any CPU
		{43579599-3389-4683-B6D2-B5692355E8E4}.Release|x86.ActiveCfg = Release|Any CPU
		{AB6E08A7-D4B8-48AB-87FF-7202DFFC2983}.Automated_Build|Any CPU.ActiveCfg = Release|Any CPU
		{AB6E08A7-D4B8-48AB-87FF-7202DFFC2983}.Automated_Build|Any CPU.Build.0 = Release|Any CPU
		{AB6E08A7-D4B8-48AB-87FF-7202DFFC2983}.Automated_Build|Mixed Platforms.ActiveCfg = Release|x86
		{AB6E08A7-D4B8-48AB-87FF-7202DFFC2983}.Automated_Build|Mixed Platforms.Build.0 = Release|x86
		{AB6E08A7-D4B8-48AB-87FF-7202DFFC2983}.Automated_Build|x64.ActiveCfg = Release|Any CPU
		{AB6E08A7-D4B8-48AB-87FF-7202DFFC2983}.Automated_Build|x86.ActiveCfg = Release|x86
		{AB6E08A7-D4B8-48AB-87FF-7202DFFC2983}.Automated_Build|x86.Build.0 = Release|x86
		{AB6E08A7-D4B8-48AB-87FF-7202DFFC2983}.Debug|Any CPU.ActiveCfg = Debug|Any CPU
		{AB6E08A7-D4B8-48AB-87FF-7202DFFC2983}.Debug|Any CPU.Build.0 = Debug|Any CPU
		{AB6E08A7-D4B8-48AB-87FF-7202DFFC2983}.Debug|Mixed Platforms.ActiveCfg = Debug|Any CPU
		{AB6E08A7-D4B8-48AB-87FF-7202DFFC2983}.Debug|Mixed Platforms.Build.0 = Debug|Any CPU
		{AB6E08A7-D4B8-48AB-87FF-7202DFFC2983}.Debug|x64.ActiveCfg = Debug|Any CPU
		{AB6E08A7-D4B8-48AB-87FF-7202DFFC2983}.Debug|x64.Build.0 = Debug|Any CPU
		{AB6E08A7-D4B8-48AB-87FF-7202DFFC2983}.Debug|x86.ActiveCfg = Debug|x86
		{AB6E08A7-D4B8-48AB-87FF-7202DFFC2983}.Debug|x86.Build.0 = Debug|x86
		{AB6E08A7-D4B8-48AB-87FF-7202DFFC2983}.Release|Any CPU.ActiveCfg = Release|Any CPU
		{AB6E08A7-D4B8-48AB-87FF-7202DFFC2983}.Release|Any CPU.Build.0 = Release|Any CPU
		{AB6E08A7-D4B8-48AB-87FF-7202DFFC2983}.Release|Mixed Platforms.ActiveCfg = Release|x86
		{AB6E08A7-D4B8-48AB-87FF-7202DFFC2983}.Release|Mixed Platforms.Build.0 = Release|x86
		{AB6E08A7-D4B8-48AB-87FF-7202DFFC2983}.Release|x64.ActiveCfg = Release|Any CPU
		{AB6E08A7-D4B8-48AB-87FF-7202DFFC2983}.Release|x86.ActiveCfg = Release|x86
		{AB6E08A7-D4B8-48AB-87FF-7202DFFC2983}.Release|x86.Build.0 = Release|x86
		{4EE435F4-C779-4C3A-8F76-B8F5CA2C955D}.Automated_Build|Any CPU.ActiveCfg = Release|Any CPU
		{4EE435F4-C779-4C3A-8F76-B8F5CA2C955D}.Automated_Build|Any CPU.Build.0 = Release|Any CPU
		{4EE435F4-C779-4C3A-8F76-B8F5CA2C955D}.Automated_Build|Mixed Platforms.ActiveCfg = Release|Any CPU
		{4EE435F4-C779-4C3A-8F76-B8F5CA2C955D}.Automated_Build|Mixed Platforms.Build.0 = Release|Any CPU
		{4EE435F4-C779-4C3A-8F76-B8F5CA2C955D}.Automated_Build|x64.ActiveCfg = Release|x64
		{4EE435F4-C779-4C3A-8F76-B8F5CA2C955D}.Automated_Build|x64.Build.0 = Release|x64
		{4EE435F4-C779-4C3A-8F76-B8F5CA2C955D}.Automated_Build|x86.ActiveCfg = Release|Any CPU
		{4EE435F4-C779-4C3A-8F76-B8F5CA2C955D}.Debug|Any CPU.ActiveCfg = Debug|Any CPU
		{4EE435F4-C779-4C3A-8F76-B8F5CA2C955D}.Debug|Any CPU.Build.0 = Debug|Any CPU
		{4EE435F4-C779-4C3A-8F76-B8F5CA2C955D}.Debug|Mixed Platforms.ActiveCfg = Debug|Any CPU
		{4EE435F4-C779-4C3A-8F76-B8F5CA2C955D}.Debug|Mixed Platforms.Build.0 = Debug|Any CPU
		{4EE435F4-C779-4C3A-8F76-B8F5CA2C955D}.Debug|x64.ActiveCfg = Debug|x64
		{4EE435F4-C779-4C3A-8F76-B8F5CA2C955D}.Debug|x64.Build.0 = Debug|x64
		{4EE435F4-C779-4C3A-8F76-B8F5CA2C955D}.Debug|x86.ActiveCfg = Debug|Any CPU
		{4EE435F4-C779-4C3A-8F76-B8F5CA2C955D}.Release|Any CPU.ActiveCfg = Release|Any CPU
		{4EE435F4-C779-4C3A-8F76-B8F5CA2C955D}.Release|Any CPU.Build.0 = Release|Any CPU
		{4EE435F4-C779-4C3A-8F76-B8F5CA2C955D}.Release|Mixed Platforms.ActiveCfg = Release|Any CPU
		{4EE435F4-C779-4C3A-8F76-B8F5CA2C955D}.Release|Mixed Platforms.Build.0 = Release|Any CPU
		{4EE435F4-C779-4C3A-8F76-B8F5CA2C955D}.Release|x64.ActiveCfg = Release|x64
		{4EE435F4-C779-4C3A-8F76-B8F5CA2C955D}.Release|x64.Build.0 = Release|x64
		{4EE435F4-C779-4C3A-8F76-B8F5CA2C955D}.Release|x86.ActiveCfg = Release|Any CPU
		{3FAEE333-5176-440B-8953-1D2D63CDC9EF}.Automated_Build|Any CPU.ActiveCfg = Release|Any CPU
		{3FAEE333-5176-440B-8953-1D2D63CDC9EF}.Automated_Build|Any CPU.Build.0 = Release|Any CPU
		{3FAEE333-5176-440B-8953-1D2D63CDC9EF}.Automated_Build|Mixed Platforms.ActiveCfg = Release|x86
		{3FAEE333-5176-440B-8953-1D2D63CDC9EF}.Automated_Build|Mixed Platforms.Build.0 = Release|x86
		{3FAEE333-5176-440B-8953-1D2D63CDC9EF}.Automated_Build|x64.ActiveCfg = Release|x64
		{3FAEE333-5176-440B-8953-1D2D63CDC9EF}.Automated_Build|x64.Build.0 = Release|x64
		{3FAEE333-5176-440B-8953-1D2D63CDC9EF}.Automated_Build|x86.ActiveCfg = Release|x86
		{3FAEE333-5176-440B-8953-1D2D63CDC9EF}.Automated_Build|x86.Build.0 = Release|x86
		{3FAEE333-5176-440B-8953-1D2D63CDC9EF}.Debug|Any CPU.ActiveCfg = Debug|Any CPU
		{3FAEE333-5176-440B-8953-1D2D63CDC9EF}.Debug|Any CPU.Build.0 = Debug|Any CPU
		{3FAEE333-5176-440B-8953-1D2D63CDC9EF}.Debug|Mixed Platforms.ActiveCfg = Debug|Any CPU
		{3FAEE333-5176-440B-8953-1D2D63CDC9EF}.Debug|Mixed Platforms.Build.0 = Debug|Any CPU
		{3FAEE333-5176-440B-8953-1D2D63CDC9EF}.Debug|x64.ActiveCfg = Debug|x64
		{3FAEE333-5176-440B-8953-1D2D63CDC9EF}.Debug|x64.Build.0 = Debug|x64
		{3FAEE333-5176-440B-8953-1D2D63CDC9EF}.Debug|x86.ActiveCfg = Debug|x86
		{3FAEE333-5176-440B-8953-1D2D63CDC9EF}.Debug|x86.Build.0 = Debug|x86
		{3FAEE333-5176-440B-8953-1D2D63CDC9EF}.Release|Any CPU.ActiveCfg = Release|Any CPU
		{3FAEE333-5176-440B-8953-1D2D63CDC9EF}.Release|Any CPU.Build.0 = Release|Any CPU
		{3FAEE333-5176-440B-8953-1D2D63CDC9EF}.Release|Mixed Platforms.ActiveCfg = Release|x86
		{3FAEE333-5176-440B-8953-1D2D63CDC9EF}.Release|Mixed Platforms.Build.0 = Release|x86
		{3FAEE333-5176-440B-8953-1D2D63CDC9EF}.Release|x64.ActiveCfg = Release|x64
		{3FAEE333-5176-440B-8953-1D2D63CDC9EF}.Release|x64.Build.0 = Release|x64
		{3FAEE333-5176-440B-8953-1D2D63CDC9EF}.Release|x86.ActiveCfg = Release|x86
		{3FAEE333-5176-440B-8953-1D2D63CDC9EF}.Release|x86.Build.0 = Release|x86
		{B57CBB49-0570-4468-8BC0-60E8465F6305}.Automated_Build|Any CPU.ActiveCfg = Release|Any CPU
		{B57CBB49-0570-4468-8BC0-60E8465F6305}.Automated_Build|Any CPU.Build.0 = Release|Any CPU
		{B57CBB49-0570-4468-8BC0-60E8465F6305}.Automated_Build|Mixed Platforms.ActiveCfg = Release|x86
		{B57CBB49-0570-4468-8BC0-60E8465F6305}.Automated_Build|Mixed Platforms.Build.0 = Release|x86
		{B57CBB49-0570-4468-8BC0-60E8465F6305}.Automated_Build|x64.ActiveCfg = Release|x64
		{B57CBB49-0570-4468-8BC0-60E8465F6305}.Automated_Build|x64.Build.0 = Release|x64
		{B57CBB49-0570-4468-8BC0-60E8465F6305}.Automated_Build|x86.ActiveCfg = Release|x86
		{B57CBB49-0570-4468-8BC0-60E8465F6305}.Automated_Build|x86.Build.0 = Release|x86
		{B57CBB49-0570-4468-8BC0-60E8465F6305}.Debug|Any CPU.ActiveCfg = Debug|Any CPU
		{B57CBB49-0570-4468-8BC0-60E8465F6305}.Debug|Any CPU.Build.0 = Debug|Any CPU
		{B57CBB49-0570-4468-8BC0-60E8465F6305}.Debug|Mixed Platforms.ActiveCfg = Debug|Any CPU
		{B57CBB49-0570-4468-8BC0-60E8465F6305}.Debug|Mixed Platforms.Build.0 = Debug|Any CPU
		{B57CBB49-0570-4468-8BC0-60E8465F6305}.Debug|x64.ActiveCfg = Debug|x64
		{B57CBB49-0570-4468-8BC0-60E8465F6305}.Debug|x64.Build.0 = Debug|x64
		{B57CBB49-0570-4468-8BC0-60E8465F6305}.Debug|x86.ActiveCfg = Debug|x86
		{B57CBB49-0570-4468-8BC0-60E8465F6305}.Debug|x86.Build.0 = Debug|x86
		{B57CBB49-0570-4468-8BC0-60E8465F6305}.Release|Any CPU.ActiveCfg = Release|Any CPU
		{B57CBB49-0570-4468-8BC0-60E8465F6305}.Release|Any CPU.Build.0 = Release|Any CPU
		{B57CBB49-0570-4468-8BC0-60E8465F6305}.Release|Mixed Platforms.ActiveCfg = Release|x86
		{B57CBB49-0570-4468-8BC0-60E8465F6305}.Release|Mixed Platforms.Build.0 = Release|x86
		{B57CBB49-0570-4468-8BC0-60E8465F6305}.Release|x64.ActiveCfg = Release|x64
		{B57CBB49-0570-4468-8BC0-60E8465F6305}.Release|x64.Build.0 = Release|x64
		{B57CBB49-0570-4468-8BC0-60E8465F6305}.Release|x86.ActiveCfg = Release|x86
		{B57CBB49-0570-4468-8BC0-60E8465F6305}.Release|x86.Build.0 = Release|x86
		{F58C1F2E-7711-4B1B-894E-3331851135F8}.Automated_Build|Any CPU.ActiveCfg = Release|Any CPU
		{F58C1F2E-7711-4B1B-894E-3331851135F8}.Automated_Build|Any CPU.Build.0 = Release|Any CPU
		{F58C1F2E-7711-4B1B-894E-3331851135F8}.Automated_Build|Mixed Platforms.ActiveCfg = Release|x86
		{F58C1F2E-7711-4B1B-894E-3331851135F8}.Automated_Build|Mixed Platforms.Build.0 = Release|x86
		{F58C1F2E-7711-4B1B-894E-3331851135F8}.Automated_Build|x64.ActiveCfg = Release|Any CPU
		{F58C1F2E-7711-4B1B-894E-3331851135F8}.Automated_Build|x86.ActiveCfg = Release|x86
		{F58C1F2E-7711-4B1B-894E-3331851135F8}.Automated_Build|x86.Build.0 = Release|x86
		{F58C1F2E-7711-4B1B-894E-3331851135F8}.Debug|Any CPU.ActiveCfg = Debug|Any CPU
		{F58C1F2E-7711-4B1B-894E-3331851135F8}.Debug|Any CPU.Build.0 = Debug|Any CPU
		{F58C1F2E-7711-4B1B-894E-3331851135F8}.Debug|Mixed Platforms.ActiveCfg = Debug|Any CPU
		{F58C1F2E-7711-4B1B-894E-3331851135F8}.Debug|Mixed Platforms.Build.0 = Debug|Any CPU
		{F58C1F2E-7711-4B1B-894E-3331851135F8}.Debug|x64.ActiveCfg = Debug|Any CPU
		{F58C1F2E-7711-4B1B-894E-3331851135F8}.Debug|x64.Build.0 = Debug|Any CPU
		{F58C1F2E-7711-4B1B-894E-3331851135F8}.Debug|x86.ActiveCfg = Debug|x86
		{F58C1F2E-7711-4B1B-894E-3331851135F8}.Debug|x86.Build.0 = Debug|x86
		{F58C1F2E-7711-4B1B-894E-3331851135F8}.Release|Any CPU.ActiveCfg = Release|Any CPU
		{F58C1F2E-7711-4B1B-894E-3331851135F8}.Release|Any CPU.Build.0 = Release|Any CPU
		{F58C1F2E-7711-4B1B-894E-3331851135F8}.Release|Mixed Platforms.ActiveCfg = Release|x86
		{F58C1F2E-7711-4B1B-894E-3331851135F8}.Release|Mixed Platforms.Build.0 = Release|x86
		{F58C1F2E-7711-4B1B-894E-3331851135F8}.Release|x64.ActiveCfg = Release|Any CPU
		{F58C1F2E-7711-4B1B-894E-3331851135F8}.Release|x86.ActiveCfg = Release|x86
		{F58C1F2E-7711-4B1B-894E-3331851135F8}.Release|x86.Build.0 = Release|x86
		{7E2AB1FB-3420-41D3-9028-6AA4BAE3DA90}.Automated_Build|Any CPU.ActiveCfg = Release|Any CPU
		{7E2AB1FB-3420-41D3-9028-6AA4BAE3DA90}.Automated_Build|Any CPU.Build.0 = Release|Any CPU
		{7E2AB1FB-3420-41D3-9028-6AA4BAE3DA90}.Automated_Build|Mixed Platforms.ActiveCfg = Release|Any CPU
		{7E2AB1FB-3420-41D3-9028-6AA4BAE3DA90}.Automated_Build|Mixed Platforms.Build.0 = Release|Any CPU
		{7E2AB1FB-3420-41D3-9028-6AA4BAE3DA90}.Automated_Build|x64.ActiveCfg = Release|x64
		{7E2AB1FB-3420-41D3-9028-6AA4BAE3DA90}.Automated_Build|x64.Build.0 = Release|x64
		{7E2AB1FB-3420-41D3-9028-6AA4BAE3DA90}.Automated_Build|x86.ActiveCfg = Release|Any CPU
		{7E2AB1FB-3420-41D3-9028-6AA4BAE3DA90}.Debug|Any CPU.ActiveCfg = Debug|Any CPU
		{7E2AB1FB-3420-41D3-9028-6AA4BAE3DA90}.Debug|Any CPU.Build.0 = Debug|Any CPU
		{7E2AB1FB-3420-41D3-9028-6AA4BAE3DA90}.Debug|Mixed Platforms.ActiveCfg = Debug|Any CPU
		{7E2AB1FB-3420-41D3-9028-6AA4BAE3DA90}.Debug|Mixed Platforms.Build.0 = Debug|Any CPU
		{7E2AB1FB-3420-41D3-9028-6AA4BAE3DA90}.Debug|x64.ActiveCfg = Debug|x64
		{7E2AB1FB-3420-41D3-9028-6AA4BAE3DA90}.Debug|x64.Build.0 = Debug|x64
		{7E2AB1FB-3420-41D3-9028-6AA4BAE3DA90}.Debug|x86.ActiveCfg = Debug|Any CPU
		{7E2AB1FB-3420-41D3-9028-6AA4BAE3DA90}.Release|Any CPU.ActiveCfg = Release|Any CPU
		{7E2AB1FB-3420-41D3-9028-6AA4BAE3DA90}.Release|Any CPU.Build.0 = Release|Any CPU
		{7E2AB1FB-3420-41D3-9028-6AA4BAE3DA90}.Release|Mixed Platforms.ActiveCfg = Release|Any CPU
		{7E2AB1FB-3420-41D3-9028-6AA4BAE3DA90}.Release|Mixed Platforms.Build.0 = Release|Any CPU
		{7E2AB1FB-3420-41D3-9028-6AA4BAE3DA90}.Release|x64.ActiveCfg = Release|x64
		{7E2AB1FB-3420-41D3-9028-6AA4BAE3DA90}.Release|x64.Build.0 = Release|x64
		{7E2AB1FB-3420-41D3-9028-6AA4BAE3DA90}.Release|x86.ActiveCfg = Release|Any CPU
		{D1601F5F-5A79-4E7E-B7B8-64498F5EE95C}.Automated_Build|Any CPU.ActiveCfg = Release|Any CPU
		{D1601F5F-5A79-4E7E-B7B8-64498F5EE95C}.Automated_Build|Any CPU.Build.0 = Release|Any CPU
		{D1601F5F-5A79-4E7E-B7B8-64498F5EE95C}.Automated_Build|Mixed Platforms.ActiveCfg = Release|Any CPU
		{D1601F5F-5A79-4E7E-B7B8-64498F5EE95C}.Automated_Build|Mixed Platforms.Build.0 = Release|Any CPU
		{D1601F5F-5A79-4E7E-B7B8-64498F5EE95C}.Automated_Build|x64.ActiveCfg = Release|x64
		{D1601F5F-5A79-4E7E-B7B8-64498F5EE95C}.Automated_Build|x64.Build.0 = Release|x64
		{D1601F5F-5A79-4E7E-B7B8-64498F5EE95C}.Automated_Build|x86.ActiveCfg = Release|Any CPU
		{D1601F5F-5A79-4E7E-B7B8-64498F5EE95C}.Debug|Any CPU.ActiveCfg = Debug|Any CPU
		{D1601F5F-5A79-4E7E-B7B8-64498F5EE95C}.Debug|Any CPU.Build.0 = Debug|Any CPU
		{D1601F5F-5A79-4E7E-B7B8-64498F5EE95C}.Debug|Mixed Platforms.ActiveCfg = Debug|Any CPU
		{D1601F5F-5A79-4E7E-B7B8-64498F5EE95C}.Debug|Mixed Platforms.Build.0 = Debug|Any CPU
		{D1601F5F-5A79-4E7E-B7B8-64498F5EE95C}.Debug|x64.ActiveCfg = Debug|x64
		{D1601F5F-5A79-4E7E-B7B8-64498F5EE95C}.Debug|x64.Build.0 = Debug|x64
		{D1601F5F-5A79-4E7E-B7B8-64498F5EE95C}.Debug|x86.ActiveCfg = Debug|Any CPU
		{D1601F5F-5A79-4E7E-B7B8-64498F5EE95C}.Release|Any CPU.ActiveCfg = Release|Any CPU
		{D1601F5F-5A79-4E7E-B7B8-64498F5EE95C}.Release|Any CPU.Build.0 = Release|Any CPU
		{D1601F5F-5A79-4E7E-B7B8-64498F5EE95C}.Release|Mixed Platforms.ActiveCfg = Release|Any CPU
		{D1601F5F-5A79-4E7E-B7B8-64498F5EE95C}.Release|Mixed Platforms.Build.0 = Release|Any CPU
		{D1601F5F-5A79-4E7E-B7B8-64498F5EE95C}.Release|x64.ActiveCfg = Release|x64
		{D1601F5F-5A79-4E7E-B7B8-64498F5EE95C}.Release|x64.Build.0 = Release|x64
		{D1601F5F-5A79-4E7E-B7B8-64498F5EE95C}.Release|x86.ActiveCfg = Release|Any CPU
		{F5D744DA-A1BC-4A39-815A-5EEF7C8B4270}.Automated_Build|Any CPU.ActiveCfg = Release|Any CPU
		{F5D744DA-A1BC-4A39-815A-5EEF7C8B4270}.Automated_Build|Any CPU.Build.0 = Release|Any CPU
		{F5D744DA-A1BC-4A39-815A-5EEF7C8B4270}.Automated_Build|Mixed Platforms.ActiveCfg = Release|Any CPU
		{F5D744DA-A1BC-4A39-815A-5EEF7C8B4270}.Automated_Build|Mixed Platforms.Build.0 = Release|Any CPU
		{F5D744DA-A1BC-4A39-815A-5EEF7C8B4270}.Automated_Build|x64.ActiveCfg = Release|x64
		{F5D744DA-A1BC-4A39-815A-5EEF7C8B4270}.Automated_Build|x64.Build.0 = Release|x64
		{F5D744DA-A1BC-4A39-815A-5EEF7C8B4270}.Automated_Build|x86.ActiveCfg = Release|Any CPU
		{F5D744DA-A1BC-4A39-815A-5EEF7C8B4270}.Debug|Any CPU.ActiveCfg = Debug|Any CPU
		{F5D744DA-A1BC-4A39-815A-5EEF7C8B4270}.Debug|Any CPU.Build.0 = Debug|Any CPU
		{F5D744DA-A1BC-4A39-815A-5EEF7C8B4270}.Debug|Mixed Platforms.ActiveCfg = Debug|Any CPU
		{F5D744DA-A1BC-4A39-815A-5EEF7C8B4270}.Debug|Mixed Platforms.Build.0 = Debug|Any CPU
		{F5D744DA-A1BC-4A39-815A-5EEF7C8B4270}.Debug|x64.ActiveCfg = Debug|x64
		{F5D744DA-A1BC-4A39-815A-5EEF7C8B4270}.Debug|x64.Build.0 = Debug|x64
		{F5D744DA-A1BC-4A39-815A-5EEF7C8B4270}.Debug|x86.ActiveCfg = Debug|Any CPU
		{F5D744DA-A1BC-4A39-815A-5EEF7C8B4270}.Release|Any CPU.ActiveCfg = Release|Any CPU
		{F5D744DA-A1BC-4A39-815A-5EEF7C8B4270}.Release|Any CPU.Build.0 = Release|Any CPU
		{F5D744DA-A1BC-4A39-815A-5EEF7C8B4270}.Release|Mixed Platforms.ActiveCfg = Release|Any CPU
		{F5D744DA-A1BC-4A39-815A-5EEF7C8B4270}.Release|Mixed Platforms.Build.0 = Release|Any CPU
		{F5D744DA-A1BC-4A39-815A-5EEF7C8B4270}.Release|x64.ActiveCfg = Release|x64
		{F5D744DA-A1BC-4A39-815A-5EEF7C8B4270}.Release|x64.Build.0 = Release|x64
		{F5D744DA-A1BC-4A39-815A-5EEF7C8B4270}.Release|x86.ActiveCfg = Release|Any CPU
		{1883C8FA-8778-41FB-955C-1267FE9DD5FB}.Automated_Build|Any CPU.ActiveCfg = Release|Any CPU
		{1883C8FA-8778-41FB-955C-1267FE9DD5FB}.Automated_Build|Any CPU.Build.0 = Release|Any CPU
		{1883C8FA-8778-41FB-955C-1267FE9DD5FB}.Automated_Build|Mixed Platforms.ActiveCfg = Release|Any CPU
		{1883C8FA-8778-41FB-955C-1267FE9DD5FB}.Automated_Build|Mixed Platforms.Build.0 = Release|Any CPU
		{1883C8FA-8778-41FB-955C-1267FE9DD5FB}.Automated_Build|x64.ActiveCfg = Release|Any CPU
		{1883C8FA-8778-41FB-955C-1267FE9DD5FB}.Automated_Build|x86.ActiveCfg = Release|Any CPU
		{1883C8FA-8778-41FB-955C-1267FE9DD5FB}.Debug|Any CPU.ActiveCfg = Debug|Any CPU
		{1883C8FA-8778-41FB-955C-1267FE9DD5FB}.Debug|Any CPU.Build.0 = Debug|Any CPU
		{1883C8FA-8778-41FB-955C-1267FE9DD5FB}.Debug|Mixed Platforms.ActiveCfg = Debug|Any CPU
		{1883C8FA-8778-41FB-955C-1267FE9DD5FB}.Debug|Mixed Platforms.Build.0 = Debug|Any CPU
		{1883C8FA-8778-41FB-955C-1267FE9DD5FB}.Debug|x64.ActiveCfg = Debug|Any CPU
		{1883C8FA-8778-41FB-955C-1267FE9DD5FB}.Debug|x64.Build.0 = Debug|Any CPU
		{1883C8FA-8778-41FB-955C-1267FE9DD5FB}.Debug|x86.ActiveCfg = Debug|Any CPU
		{1883C8FA-8778-41FB-955C-1267FE9DD5FB}.Release|Any CPU.ActiveCfg = Release|Any CPU
		{1883C8FA-8778-41FB-955C-1267FE9DD5FB}.Release|Any CPU.Build.0 = Release|Any CPU
		{1883C8FA-8778-41FB-955C-1267FE9DD5FB}.Release|Mixed Platforms.ActiveCfg = Release|Any CPU
		{1883C8FA-8778-41FB-955C-1267FE9DD5FB}.Release|Mixed Platforms.Build.0 = Release|Any CPU
		{1883C8FA-8778-41FB-955C-1267FE9DD5FB}.Release|x64.ActiveCfg = Release|Any CPU
		{1883C8FA-8778-41FB-955C-1267FE9DD5FB}.Release|x86.ActiveCfg = Release|Any CPU
		{CEF43E44-A86C-496E-99FB-AF148C7988EF}.Automated_Build|Any CPU.ActiveCfg = Release|Any CPU
		{CEF43E44-A86C-496E-99FB-AF148C7988EF}.Automated_Build|Any CPU.Build.0 = Release|Any CPU
		{CEF43E44-A86C-496E-99FB-AF148C7988EF}.Automated_Build|Mixed Platforms.ActiveCfg = Release|Any CPU
		{CEF43E44-A86C-496E-99FB-AF148C7988EF}.Automated_Build|Mixed Platforms.Build.0 = Release|Any CPU
		{CEF43E44-A86C-496E-99FB-AF148C7988EF}.Automated_Build|x64.ActiveCfg = Release|Any CPU
		{CEF43E44-A86C-496E-99FB-AF148C7988EF}.Automated_Build|x86.ActiveCfg = Release|Any CPU
		{CEF43E44-A86C-496E-99FB-AF148C7988EF}.Debug|Any CPU.ActiveCfg = Debug|Any CPU
		{CEF43E44-A86C-496E-99FB-AF148C7988EF}.Debug|Any CPU.Build.0 = Debug|Any CPU
		{CEF43E44-A86C-496E-99FB-AF148C7988EF}.Debug|Mixed Platforms.ActiveCfg = Debug|Any CPU
		{CEF43E44-A86C-496E-99FB-AF148C7988EF}.Debug|Mixed Platforms.Build.0 = Debug|Any CPU
		{CEF43E44-A86C-496E-99FB-AF148C7988EF}.Debug|x64.ActiveCfg = Debug|Any CPU
		{CEF43E44-A86C-496E-99FB-AF148C7988EF}.Debug|x64.Build.0 = Debug|Any CPU
		{CEF43E44-A86C-496E-99FB-AF148C7988EF}.Debug|x86.ActiveCfg = Debug|Any CPU
		{CEF43E44-A86C-496E-99FB-AF148C7988EF}.Release|Any CPU.ActiveCfg = Release|Any CPU
		{CEF43E44-A86C-496E-99FB-AF148C7988EF}.Release|Any CPU.Build.0 = Release|Any CPU
		{CEF43E44-A86C-496E-99FB-AF148C7988EF}.Release|Mixed Platforms.ActiveCfg = Release|Any CPU
		{CEF43E44-A86C-496E-99FB-AF148C7988EF}.Release|Mixed Platforms.Build.0 = Release|Any CPU
		{CEF43E44-A86C-496E-99FB-AF148C7988EF}.Release|x64.ActiveCfg = Release|Any CPU
		{CEF43E44-A86C-496E-99FB-AF148C7988EF}.Release|x86.ActiveCfg = Release|Any CPU
		{31DBB047-5693-49FC-8015-DBC9868B359B}.Automated_Build|Any CPU.ActiveCfg = Release|Any CPU
		{31DBB047-5693-49FC-8015-DBC9868B359B}.Automated_Build|Any CPU.Build.0 = Release|Any CPU
		{31DBB047-5693-49FC-8015-DBC9868B359B}.Automated_Build|Mixed Platforms.ActiveCfg = Release|Any CPU
		{31DBB047-5693-49FC-8015-DBC9868B359B}.Automated_Build|Mixed Platforms.Build.0 = Release|Any CPU
		{31DBB047-5693-49FC-8015-DBC9868B359B}.Automated_Build|x64.ActiveCfg = Release|x64
		{31DBB047-5693-49FC-8015-DBC9868B359B}.Automated_Build|x64.Build.0 = Release|x64
		{31DBB047-5693-49FC-8015-DBC9868B359B}.Automated_Build|x86.ActiveCfg = Release|Any CPU
		{31DBB047-5693-49FC-8015-DBC9868B359B}.Debug|Any CPU.ActiveCfg = Debug|Any CPU
		{31DBB047-5693-49FC-8015-DBC9868B359B}.Debug|Any CPU.Build.0 = Debug|Any CPU
		{31DBB047-5693-49FC-8015-DBC9868B359B}.Debug|Mixed Platforms.ActiveCfg = Debug|Any CPU
		{31DBB047-5693-49FC-8015-DBC9868B359B}.Debug|Mixed Platforms.Build.0 = Debug|Any CPU
		{31DBB047-5693-49FC-8015-DBC9868B359B}.Debug|x64.ActiveCfg = Debug|x64
		{31DBB047-5693-49FC-8015-DBC9868B359B}.Debug|x64.Build.0 = Debug|x64
		{31DBB047-5693-49FC-8015-DBC9868B359B}.Debug|x86.ActiveCfg = Debug|Any CPU
		{31DBB047-5693-49FC-8015-DBC9868B359B}.Release|Any CPU.ActiveCfg = Release|Any CPU
		{31DBB047-5693-49FC-8015-DBC9868B359B}.Release|Any CPU.Build.0 = Release|Any CPU
		{31DBB047-5693-49FC-8015-DBC9868B359B}.Release|Mixed Platforms.ActiveCfg = Release|Any CPU
		{31DBB047-5693-49FC-8015-DBC9868B359B}.Release|Mixed Platforms.Build.0 = Release|Any CPU
		{31DBB047-5693-49FC-8015-DBC9868B359B}.Release|x64.ActiveCfg = Release|x64
		{31DBB047-5693-49FC-8015-DBC9868B359B}.Release|x64.Build.0 = Release|x64
		{31DBB047-5693-49FC-8015-DBC9868B359B}.Release|x86.ActiveCfg = Release|Any CPU
		{79C8DF6E-9C97-4098-AB81-C4152070C52E}.Automated_Build|Any CPU.ActiveCfg = Release|Any CPU
		{79C8DF6E-9C97-4098-AB81-C4152070C52E}.Automated_Build|Any CPU.Build.0 = Release|Any CPU
		{79C8DF6E-9C97-4098-AB81-C4152070C52E}.Automated_Build|Mixed Platforms.ActiveCfg = Release|x86
		{79C8DF6E-9C97-4098-AB81-C4152070C52E}.Automated_Build|Mixed Platforms.Build.0 = Release|x86
		{79C8DF6E-9C97-4098-AB81-C4152070C52E}.Automated_Build|x64.ActiveCfg = Release|x64
		{79C8DF6E-9C97-4098-AB81-C4152070C52E}.Automated_Build|x64.Build.0 = Release|x64
		{79C8DF6E-9C97-4098-AB81-C4152070C52E}.Automated_Build|x86.ActiveCfg = Release|x86
		{79C8DF6E-9C97-4098-AB81-C4152070C52E}.Automated_Build|x86.Build.0 = Release|x86
		{79C8DF6E-9C97-4098-AB81-C4152070C52E}.Debug|Any CPU.ActiveCfg = Debug|Any CPU
		{79C8DF6E-9C97-4098-AB81-C4152070C52E}.Debug|Any CPU.Build.0 = Debug|Any CPU
		{79C8DF6E-9C97-4098-AB81-C4152070C52E}.Debug|Mixed Platforms.ActiveCfg = Debug|Any CPU
		{79C8DF6E-9C97-4098-AB81-C4152070C52E}.Debug|Mixed Platforms.Build.0 = Debug|Any CPU
		{79C8DF6E-9C97-4098-AB81-C4152070C52E}.Debug|x64.ActiveCfg = Debug|x64
		{79C8DF6E-9C97-4098-AB81-C4152070C52E}.Debug|x64.Build.0 = Debug|x64
		{79C8DF6E-9C97-4098-AB81-C4152070C52E}.Debug|x86.ActiveCfg = Debug|x86
		{79C8DF6E-9C97-4098-AB81-C4152070C52E}.Debug|x86.Build.0 = Debug|x86
		{79C8DF6E-9C97-4098-AB81-C4152070C52E}.Release|Any CPU.ActiveCfg = Release|Any CPU
		{79C8DF6E-9C97-4098-AB81-C4152070C52E}.Release|Any CPU.Build.0 = Release|Any CPU
		{79C8DF6E-9C97-4098-AB81-C4152070C52E}.Release|Mixed Platforms.ActiveCfg = Release|x86
		{79C8DF6E-9C97-4098-AB81-C4152070C52E}.Release|Mixed Platforms.Build.0 = Release|x86
		{79C8DF6E-9C97-4098-AB81-C4152070C52E}.Release|x64.ActiveCfg = Release|x64
		{79C8DF6E-9C97-4098-AB81-C4152070C52E}.Release|x64.Build.0 = Release|x64
		{79C8DF6E-9C97-4098-AB81-C4152070C52E}.Release|x86.ActiveCfg = Release|x86
		{79C8DF6E-9C97-4098-AB81-C4152070C52E}.Release|x86.Build.0 = Release|x86
		{BD9E90E6-9226-4A11-AF5D-48256CB082BF}.Automated_Build|Any CPU.ActiveCfg = Release|Any CPU
		{BD9E90E6-9226-4A11-AF5D-48256CB082BF}.Automated_Build|Any CPU.Build.0 = Release|Any CPU
		{BD9E90E6-9226-4A11-AF5D-48256CB082BF}.Automated_Build|Mixed Platforms.ActiveCfg = Release|Any CPU
		{BD9E90E6-9226-4A11-AF5D-48256CB082BF}.Automated_Build|Mixed Platforms.Build.0 = Release|Any CPU
		{BD9E90E6-9226-4A11-AF5D-48256CB082BF}.Automated_Build|x64.ActiveCfg = Release|Any CPU
		{BD9E90E6-9226-4A11-AF5D-48256CB082BF}.Automated_Build|x86.ActiveCfg = Release|Any CPU
		{BD9E90E6-9226-4A11-AF5D-48256CB082BF}.Debug|Any CPU.ActiveCfg = Debug|Any CPU
		{BD9E90E6-9226-4A11-AF5D-48256CB082BF}.Debug|Any CPU.Build.0 = Debug|Any CPU
		{BD9E90E6-9226-4A11-AF5D-48256CB082BF}.Debug|Mixed Platforms.ActiveCfg = Debug|Any CPU
		{BD9E90E6-9226-4A11-AF5D-48256CB082BF}.Debug|Mixed Platforms.Build.0 = Debug|Any CPU
		{BD9E90E6-9226-4A11-AF5D-48256CB082BF}.Debug|x64.ActiveCfg = Debug|Any CPU
		{BD9E90E6-9226-4A11-AF5D-48256CB082BF}.Debug|x64.Build.0 = Debug|Any CPU
		{BD9E90E6-9226-4A11-AF5D-48256CB082BF}.Debug|x86.ActiveCfg = Debug|Any CPU
		{BD9E90E6-9226-4A11-AF5D-48256CB082BF}.Release|Any CPU.ActiveCfg = Release|Any CPU
		{BD9E90E6-9226-4A11-AF5D-48256CB082BF}.Release|Any CPU.Build.0 = Release|Any CPU
		{BD9E90E6-9226-4A11-AF5D-48256CB082BF}.Release|Mixed Platforms.ActiveCfg = Release|Any CPU
		{BD9E90E6-9226-4A11-AF5D-48256CB082BF}.Release|Mixed Platforms.Build.0 = Release|Any CPU
		{BD9E90E6-9226-4A11-AF5D-48256CB082BF}.Release|x64.ActiveCfg = Release|Any CPU
		{BD9E90E6-9226-4A11-AF5D-48256CB082BF}.Release|x86.ActiveCfg = Release|Any CPU
		{08C2B4D7-20DD-4C42-8F27-C9A42AFE499D}.Automated_Build|Any CPU.ActiveCfg = Release|Any CPU
		{08C2B4D7-20DD-4C42-8F27-C9A42AFE499D}.Automated_Build|Any CPU.Build.0 = Release|Any CPU
		{08C2B4D7-20DD-4C42-8F27-C9A42AFE499D}.Automated_Build|Mixed Platforms.ActiveCfg = Release|Any CPU
		{08C2B4D7-20DD-4C42-8F27-C9A42AFE499D}.Automated_Build|Mixed Platforms.Build.0 = Release|Any CPU
		{08C2B4D7-20DD-4C42-8F27-C9A42AFE499D}.Automated_Build|x64.ActiveCfg = Release|Any CPU
		{08C2B4D7-20DD-4C42-8F27-C9A42AFE499D}.Automated_Build|x86.ActiveCfg = Release|Any CPU
		{08C2B4D7-20DD-4C42-8F27-C9A42AFE499D}.Debug|Any CPU.ActiveCfg = Debug|Any CPU
		{08C2B4D7-20DD-4C42-8F27-C9A42AFE499D}.Debug|Any CPU.Build.0 = Debug|Any CPU
		{08C2B4D7-20DD-4C42-8F27-C9A42AFE499D}.Debug|Mixed Platforms.ActiveCfg = Debug|Any CPU
		{08C2B4D7-20DD-4C42-8F27-C9A42AFE499D}.Debug|Mixed Platforms.Build.0 = Debug|Any CPU
		{08C2B4D7-20DD-4C42-8F27-C9A42AFE499D}.Debug|x64.ActiveCfg = Debug|Any CPU
		{08C2B4D7-20DD-4C42-8F27-C9A42AFE499D}.Debug|x64.Build.0 = Debug|Any CPU
		{08C2B4D7-20DD-4C42-8F27-C9A42AFE499D}.Debug|x86.ActiveCfg = Debug|Any CPU
		{08C2B4D7-20DD-4C42-8F27-C9A42AFE499D}.Release|Any CPU.ActiveCfg = Release|Any CPU
		{08C2B4D7-20DD-4C42-8F27-C9A42AFE499D}.Release|Any CPU.Build.0 = Release|Any CPU
		{08C2B4D7-20DD-4C42-8F27-C9A42AFE499D}.Release|Mixed Platforms.ActiveCfg = Release|Any CPU
		{08C2B4D7-20DD-4C42-8F27-C9A42AFE499D}.Release|Mixed Platforms.Build.0 = Release|Any CPU
		{08C2B4D7-20DD-4C42-8F27-C9A42AFE499D}.Release|x64.ActiveCfg = Release|Any CPU
		{08C2B4D7-20DD-4C42-8F27-C9A42AFE499D}.Release|x86.ActiveCfg = Release|Any CPU
		{ADD66846-34B8-496C-8988-D550564013DB}.Automated_Build|Any CPU.ActiveCfg = Release|Any CPU
		{ADD66846-34B8-496C-8988-D550564013DB}.Automated_Build|Any CPU.Build.0 = Release|Any CPU
		{ADD66846-34B8-496C-8988-D550564013DB}.Automated_Build|Mixed Platforms.ActiveCfg = Release|Any CPU
		{ADD66846-34B8-496C-8988-D550564013DB}.Automated_Build|Mixed Platforms.Build.0 = Release|Any CPU
		{ADD66846-34B8-496C-8988-D550564013DB}.Automated_Build|x64.ActiveCfg = Release|Any CPU
		{ADD66846-34B8-496C-8988-D550564013DB}.Automated_Build|x86.ActiveCfg = Release|Any CPU
		{ADD66846-34B8-496C-8988-D550564013DB}.Debug|Any CPU.ActiveCfg = Debug|Any CPU
		{ADD66846-34B8-496C-8988-D550564013DB}.Debug|Any CPU.Build.0 = Debug|Any CPU
		{ADD66846-34B8-496C-8988-D550564013DB}.Debug|Mixed Platforms.ActiveCfg = Debug|Any CPU
		{ADD66846-34B8-496C-8988-D550564013DB}.Debug|Mixed Platforms.Build.0 = Debug|Any CPU
		{ADD66846-34B8-496C-8988-D550564013DB}.Debug|x64.ActiveCfg = Debug|Any CPU
		{ADD66846-34B8-496C-8988-D550564013DB}.Debug|x64.Build.0 = Debug|Any CPU
		{ADD66846-34B8-496C-8988-D550564013DB}.Debug|x86.ActiveCfg = Debug|Any CPU
		{ADD66846-34B8-496C-8988-D550564013DB}.Release|Any CPU.ActiveCfg = Release|Any CPU
		{ADD66846-34B8-496C-8988-D550564013DB}.Release|Any CPU.Build.0 = Release|Any CPU
		{ADD66846-34B8-496C-8988-D550564013DB}.Release|Mixed Platforms.ActiveCfg = Release|Any CPU
		{ADD66846-34B8-496C-8988-D550564013DB}.Release|Mixed Platforms.Build.0 = Release|Any CPU
		{ADD66846-34B8-496C-8988-D550564013DB}.Release|x64.ActiveCfg = Release|Any CPU
		{ADD66846-34B8-496C-8988-D550564013DB}.Release|x86.ActiveCfg = Release|Any CPU
		{0D037BCE-24B9-4C77-BA40-BDA077A0A0CF}.Automated_Build|Any CPU.ActiveCfg = Release|Any CPU
		{0D037BCE-24B9-4C77-BA40-BDA077A0A0CF}.Automated_Build|Any CPU.Build.0 = Release|Any CPU
		{0D037BCE-24B9-4C77-BA40-BDA077A0A0CF}.Automated_Build|Mixed Platforms.ActiveCfg = Release|Any CPU
		{0D037BCE-24B9-4C77-BA40-BDA077A0A0CF}.Automated_Build|Mixed Platforms.Build.0 = Release|Any CPU
		{0D037BCE-24B9-4C77-BA40-BDA077A0A0CF}.Automated_Build|x64.ActiveCfg = Release|Any CPU
		{0D037BCE-24B9-4C77-BA40-BDA077A0A0CF}.Automated_Build|x64.Build.0 = Release|Any CPU
		{0D037BCE-24B9-4C77-BA40-BDA077A0A0CF}.Automated_Build|x86.ActiveCfg = Release|Any CPU
		{0D037BCE-24B9-4C77-BA40-BDA077A0A0CF}.Automated_Build|x86.Build.0 = Release|Any CPU
		{0D037BCE-24B9-4C77-BA40-BDA077A0A0CF}.Debug|Any CPU.ActiveCfg = Debug|Any CPU
		{0D037BCE-24B9-4C77-BA40-BDA077A0A0CF}.Debug|Any CPU.Build.0 = Debug|Any CPU
		{0D037BCE-24B9-4C77-BA40-BDA077A0A0CF}.Debug|Mixed Platforms.ActiveCfg = Debug|Any CPU
		{0D037BCE-24B9-4C77-BA40-BDA077A0A0CF}.Debug|Mixed Platforms.Build.0 = Debug|Any CPU
		{0D037BCE-24B9-4C77-BA40-BDA077A0A0CF}.Debug|x64.ActiveCfg = Debug|Any CPU
		{0D037BCE-24B9-4C77-BA40-BDA077A0A0CF}.Debug|x64.Build.0 = Debug|Any CPU
		{0D037BCE-24B9-4C77-BA40-BDA077A0A0CF}.Debug|x86.ActiveCfg = Debug|Any CPU
		{0D037BCE-24B9-4C77-BA40-BDA077A0A0CF}.Debug|x86.Build.0 = Debug|Any CPU
		{0D037BCE-24B9-4C77-BA40-BDA077A0A0CF}.Release|Any CPU.ActiveCfg = Release|Any CPU
		{0D037BCE-24B9-4C77-BA40-BDA077A0A0CF}.Release|Any CPU.Build.0 = Release|Any CPU
		{0D037BCE-24B9-4C77-BA40-BDA077A0A0CF}.Release|Mixed Platforms.ActiveCfg = Release|Any CPU
		{0D037BCE-24B9-4C77-BA40-BDA077A0A0CF}.Release|Mixed Platforms.Build.0 = Release|Any CPU
		{0D037BCE-24B9-4C77-BA40-BDA077A0A0CF}.Release|x64.ActiveCfg = Release|Any CPU
		{0D037BCE-24B9-4C77-BA40-BDA077A0A0CF}.Release|x64.Build.0 = Release|Any CPU
		{0D037BCE-24B9-4C77-BA40-BDA077A0A0CF}.Release|x86.ActiveCfg = Release|Any CPU
		{0D037BCE-24B9-4C77-BA40-BDA077A0A0CF}.Release|x86.Build.0 = Release|Any CPU
		{A33EC971-3F9E-47AB-AAD0-4F1FA8312786}.Automated_Build|Any CPU.ActiveCfg = Release|Any CPU
		{A33EC971-3F9E-47AB-AAD0-4F1FA8312786}.Automated_Build|Any CPU.Build.0 = Release|Any CPU
		{A33EC971-3F9E-47AB-AAD0-4F1FA8312786}.Automated_Build|Mixed Platforms.ActiveCfg = Release|Any CPU
		{A33EC971-3F9E-47AB-AAD0-4F1FA8312786}.Automated_Build|Mixed Platforms.Build.0 = Release|Any CPU
		{A33EC971-3F9E-47AB-AAD0-4F1FA8312786}.Automated_Build|x64.ActiveCfg = Release|Any CPU
		{A33EC971-3F9E-47AB-AAD0-4F1FA8312786}.Automated_Build|x64.Build.0 = Release|Any CPU
		{A33EC971-3F9E-47AB-AAD0-4F1FA8312786}.Automated_Build|x86.ActiveCfg = Release|Any CPU
		{A33EC971-3F9E-47AB-AAD0-4F1FA8312786}.Automated_Build|x86.Build.0 = Release|Any CPU
		{A33EC971-3F9E-47AB-AAD0-4F1FA8312786}.Debug|Any CPU.ActiveCfg = Debug|Any CPU
		{A33EC971-3F9E-47AB-AAD0-4F1FA8312786}.Debug|Any CPU.Build.0 = Debug|Any CPU
		{A33EC971-3F9E-47AB-AAD0-4F1FA8312786}.Debug|Mixed Platforms.ActiveCfg = Debug|Any CPU
		{A33EC971-3F9E-47AB-AAD0-4F1FA8312786}.Debug|Mixed Platforms.Build.0 = Debug|Any CPU
		{A33EC971-3F9E-47AB-AAD0-4F1FA8312786}.Debug|x64.ActiveCfg = Debug|Any CPU
		{A33EC971-3F9E-47AB-AAD0-4F1FA8312786}.Debug|x64.Build.0 = Debug|Any CPU
		{A33EC971-3F9E-47AB-AAD0-4F1FA8312786}.Debug|x86.ActiveCfg = Debug|Any CPU
		{A33EC971-3F9E-47AB-AAD0-4F1FA8312786}.Debug|x86.Build.0 = Debug|Any CPU
		{A33EC971-3F9E-47AB-AAD0-4F1FA8312786}.Release|Any CPU.ActiveCfg = Release|Any CPU
		{A33EC971-3F9E-47AB-AAD0-4F1FA8312786}.Release|Any CPU.Build.0 = Release|Any CPU
		{A33EC971-3F9E-47AB-AAD0-4F1FA8312786}.Release|Mixed Platforms.ActiveCfg = Release|Any CPU
		{A33EC971-3F9E-47AB-AAD0-4F1FA8312786}.Release|Mixed Platforms.Build.0 = Release|Any CPU
		{A33EC971-3F9E-47AB-AAD0-4F1FA8312786}.Release|x64.ActiveCfg = Release|Any CPU
		{A33EC971-3F9E-47AB-AAD0-4F1FA8312786}.Release|x64.Build.0 = Release|Any CPU
		{A33EC971-3F9E-47AB-AAD0-4F1FA8312786}.Release|x86.ActiveCfg = Release|Any CPU
		{A33EC971-3F9E-47AB-AAD0-4F1FA8312786}.Release|x86.Build.0 = Release|Any CPU
		{B4390317-0C89-4118-92BE-5C3FA375A738}.Automated_Build|Any CPU.ActiveCfg = Release|Any CPU
		{B4390317-0C89-4118-92BE-5C3FA375A738}.Automated_Build|Any CPU.Build.0 = Release|Any CPU
		{B4390317-0C89-4118-92BE-5C3FA375A738}.Automated_Build|Mixed Platforms.ActiveCfg = Release|Any CPU
		{B4390317-0C89-4118-92BE-5C3FA375A738}.Automated_Build|Mixed Platforms.Build.0 = Release|Any CPU
		{B4390317-0C89-4118-92BE-5C3FA375A738}.Automated_Build|x64.ActiveCfg = Release|Any CPU
		{B4390317-0C89-4118-92BE-5C3FA375A738}.Automated_Build|x64.Build.0 = Release|Any CPU
		{B4390317-0C89-4118-92BE-5C3FA375A738}.Automated_Build|x86.ActiveCfg = Release|Any CPU
		{B4390317-0C89-4118-92BE-5C3FA375A738}.Automated_Build|x86.Build.0 = Release|Any CPU
		{B4390317-0C89-4118-92BE-5C3FA375A738}.Debug|Any CPU.ActiveCfg = Debug|Any CPU
		{B4390317-0C89-4118-92BE-5C3FA375A738}.Debug|Any CPU.Build.0 = Debug|Any CPU
		{B4390317-0C89-4118-92BE-5C3FA375A738}.Debug|Mixed Platforms.ActiveCfg = Debug|Any CPU
		{B4390317-0C89-4118-92BE-5C3FA375A738}.Debug|Mixed Platforms.Build.0 = Debug|Any CPU
		{B4390317-0C89-4118-92BE-5C3FA375A738}.Debug|x64.ActiveCfg = Debug|Any CPU
		{B4390317-0C89-4118-92BE-5C3FA375A738}.Debug|x64.Build.0 = Debug|Any CPU
		{B4390317-0C89-4118-92BE-5C3FA375A738}.Debug|x86.ActiveCfg = Debug|Any CPU
		{B4390317-0C89-4118-92BE-5C3FA375A738}.Debug|x86.Build.0 = Debug|Any CPU
		{B4390317-0C89-4118-92BE-5C3FA375A738}.Release|Any CPU.ActiveCfg = Release|Any CPU
		{B4390317-0C89-4118-92BE-5C3FA375A738}.Release|Any CPU.Build.0 = Release|Any CPU
		{B4390317-0C89-4118-92BE-5C3FA375A738}.Release|Mixed Platforms.ActiveCfg = Release|Any CPU
		{B4390317-0C89-4118-92BE-5C3FA375A738}.Release|Mixed Platforms.Build.0 = Release|Any CPU
		{B4390317-0C89-4118-92BE-5C3FA375A738}.Release|x64.ActiveCfg = Release|Any CPU
		{B4390317-0C89-4118-92BE-5C3FA375A738}.Release|x64.Build.0 = Release|Any CPU
		{B4390317-0C89-4118-92BE-5C3FA375A738}.Release|x86.ActiveCfg = Release|Any CPU
		{B4390317-0C89-4118-92BE-5C3FA375A738}.Release|x86.Build.0 = Release|Any CPU
		{3C8C9F05-9C19-4251-95FA-05D7EDC8CAE6}.Automated_Build|Any CPU.ActiveCfg = Automated_Build|Any CPU
		{3C8C9F05-9C19-4251-95FA-05D7EDC8CAE6}.Automated_Build|Any CPU.Build.0 = Automated_Build|Any CPU
		{3C8C9F05-9C19-4251-95FA-05D7EDC8CAE6}.Automated_Build|Mixed Platforms.ActiveCfg = Automated_Build|x86
		{3C8C9F05-9C19-4251-95FA-05D7EDC8CAE6}.Automated_Build|Mixed Platforms.Build.0 = Automated_Build|x86
		{3C8C9F05-9C19-4251-95FA-05D7EDC8CAE6}.Automated_Build|x64.ActiveCfg = Automated_Build|x64
		{3C8C9F05-9C19-4251-95FA-05D7EDC8CAE6}.Automated_Build|x64.Build.0 = Automated_Build|x64
		{3C8C9F05-9C19-4251-95FA-05D7EDC8CAE6}.Automated_Build|x86.ActiveCfg = Automated_Build|x86
		{3C8C9F05-9C19-4251-95FA-05D7EDC8CAE6}.Automated_Build|x86.Build.0 = Automated_Build|x86
		{3C8C9F05-9C19-4251-95FA-05D7EDC8CAE6}.Debug|Any CPU.ActiveCfg = Debug|Any CPU
		{3C8C9F05-9C19-4251-95FA-05D7EDC8CAE6}.Debug|Any CPU.Build.0 = Debug|Any CPU
		{3C8C9F05-9C19-4251-95FA-05D7EDC8CAE6}.Debug|Mixed Platforms.ActiveCfg = Debug|Any CPU
		{3C8C9F05-9C19-4251-95FA-05D7EDC8CAE6}.Debug|Mixed Platforms.Build.0 = Debug|Any CPU
		{3C8C9F05-9C19-4251-95FA-05D7EDC8CAE6}.Debug|x64.ActiveCfg = Debug|x64
		{3C8C9F05-9C19-4251-95FA-05D7EDC8CAE6}.Debug|x64.Build.0 = Debug|x64
		{3C8C9F05-9C19-4251-95FA-05D7EDC8CAE6}.Debug|x86.ActiveCfg = Debug|x86
		{3C8C9F05-9C19-4251-95FA-05D7EDC8CAE6}.Debug|x86.Build.0 = Debug|x86
		{3C8C9F05-9C19-4251-95FA-05D7EDC8CAE6}.Release|Any CPU.ActiveCfg = Release|Any CPU
		{3C8C9F05-9C19-4251-95FA-05D7EDC8CAE6}.Release|Any CPU.Build.0 = Release|Any CPU
		{3C8C9F05-9C19-4251-95FA-05D7EDC8CAE6}.Release|Mixed Platforms.ActiveCfg = Release|x86
		{3C8C9F05-9C19-4251-95FA-05D7EDC8CAE6}.Release|Mixed Platforms.Build.0 = Release|x86
		{3C8C9F05-9C19-4251-95FA-05D7EDC8CAE6}.Release|x64.ActiveCfg = Release|x64
		{3C8C9F05-9C19-4251-95FA-05D7EDC8CAE6}.Release|x64.Build.0 = Release|x64
		{3C8C9F05-9C19-4251-95FA-05D7EDC8CAE6}.Release|x86.ActiveCfg = Release|x86
		{3C8C9F05-9C19-4251-95FA-05D7EDC8CAE6}.Release|x86.Build.0 = Release|x86
		{24DC85FF-E97B-4140-9614-77DD8FDDD32F}.Automated_Build|Any CPU.ActiveCfg = Automated_Build|Any CPU
		{24DC85FF-E97B-4140-9614-77DD8FDDD32F}.Automated_Build|Any CPU.Build.0 = Automated_Build|Any CPU
		{24DC85FF-E97B-4140-9614-77DD8FDDD32F}.Automated_Build|Mixed Platforms.ActiveCfg = Automated_Build|x86
		{24DC85FF-E97B-4140-9614-77DD8FDDD32F}.Automated_Build|Mixed Platforms.Build.0 = Automated_Build|x86
		{24DC85FF-E97B-4140-9614-77DD8FDDD32F}.Automated_Build|x64.ActiveCfg = Automated_Build|x64
		{24DC85FF-E97B-4140-9614-77DD8FDDD32F}.Automated_Build|x64.Build.0 = Automated_Build|x64
		{24DC85FF-E97B-4140-9614-77DD8FDDD32F}.Automated_Build|x86.ActiveCfg = Automated_Build|x86
		{24DC85FF-E97B-4140-9614-77DD8FDDD32F}.Automated_Build|x86.Build.0 = Automated_Build|x86
		{24DC85FF-E97B-4140-9614-77DD8FDDD32F}.Debug|Any CPU.ActiveCfg = Debug|Any CPU
		{24DC85FF-E97B-4140-9614-77DD8FDDD32F}.Debug|Any CPU.Build.0 = Debug|Any CPU
		{24DC85FF-E97B-4140-9614-77DD8FDDD32F}.Debug|Mixed Platforms.ActiveCfg = Debug|Any CPU
		{24DC85FF-E97B-4140-9614-77DD8FDDD32F}.Debug|Mixed Platforms.Build.0 = Debug|Any CPU
		{24DC85FF-E97B-4140-9614-77DD8FDDD32F}.Debug|x64.ActiveCfg = Debug|x64
		{24DC85FF-E97B-4140-9614-77DD8FDDD32F}.Debug|x64.Build.0 = Debug|x64
		{24DC85FF-E97B-4140-9614-77DD8FDDD32F}.Debug|x86.ActiveCfg = Debug|x86
		{24DC85FF-E97B-4140-9614-77DD8FDDD32F}.Debug|x86.Build.0 = Debug|x86
		{24DC85FF-E97B-4140-9614-77DD8FDDD32F}.Release|Any CPU.ActiveCfg = Release|Any CPU
		{24DC85FF-E97B-4140-9614-77DD8FDDD32F}.Release|Any CPU.Build.0 = Release|Any CPU
		{24DC85FF-E97B-4140-9614-77DD8FDDD32F}.Release|Mixed Platforms.ActiveCfg = Release|x86
		{24DC85FF-E97B-4140-9614-77DD8FDDD32F}.Release|Mixed Platforms.Build.0 = Release|x86
		{24DC85FF-E97B-4140-9614-77DD8FDDD32F}.Release|x64.ActiveCfg = Release|x64
		{24DC85FF-E97B-4140-9614-77DD8FDDD32F}.Release|x64.Build.0 = Release|x64
		{24DC85FF-E97B-4140-9614-77DD8FDDD32F}.Release|x86.ActiveCfg = Release|x86
		{24DC85FF-E97B-4140-9614-77DD8FDDD32F}.Release|x86.Build.0 = Release|x86
		{D329A319-E5B1-4786-B41B-DCB3C6D2304B}.Automated_Build|Any CPU.ActiveCfg = Release|Any CPU
		{D329A319-E5B1-4786-B41B-DCB3C6D2304B}.Automated_Build|Any CPU.Build.0 = Release|Any CPU
		{D329A319-E5B1-4786-B41B-DCB3C6D2304B}.Automated_Build|Mixed Platforms.ActiveCfg = Release|Any CPU
		{D329A319-E5B1-4786-B41B-DCB3C6D2304B}.Automated_Build|Mixed Platforms.Build.0 = Release|Any CPU
		{D329A319-E5B1-4786-B41B-DCB3C6D2304B}.Automated_Build|x64.ActiveCfg = Release|Any CPU
		{D329A319-E5B1-4786-B41B-DCB3C6D2304B}.Automated_Build|x64.Build.0 = Release|Any CPU
		{D329A319-E5B1-4786-B41B-DCB3C6D2304B}.Automated_Build|x86.ActiveCfg = Release|Any CPU
		{D329A319-E5B1-4786-B41B-DCB3C6D2304B}.Automated_Build|x86.Build.0 = Release|Any CPU
		{D329A319-E5B1-4786-B41B-DCB3C6D2304B}.Debug|Any CPU.ActiveCfg = Debug|Any CPU
		{D329A319-E5B1-4786-B41B-DCB3C6D2304B}.Debug|Any CPU.Build.0 = Debug|Any CPU
		{D329A319-E5B1-4786-B41B-DCB3C6D2304B}.Debug|Mixed Platforms.ActiveCfg = Debug|Any CPU
		{D329A319-E5B1-4786-B41B-DCB3C6D2304B}.Debug|Mixed Platforms.Build.0 = Debug|Any CPU
		{D329A319-E5B1-4786-B41B-DCB3C6D2304B}.Debug|x64.ActiveCfg = Debug|Any CPU
		{D329A319-E5B1-4786-B41B-DCB3C6D2304B}.Debug|x64.Build.0 = Debug|Any CPU
		{D329A319-E5B1-4786-B41B-DCB3C6D2304B}.Debug|x86.ActiveCfg = Debug|Any CPU
		{D329A319-E5B1-4786-B41B-DCB3C6D2304B}.Debug|x86.Build.0 = Debug|Any CPU
		{D329A319-E5B1-4786-B41B-DCB3C6D2304B}.Release|Any CPU.ActiveCfg = Release|Any CPU
		{D329A319-E5B1-4786-B41B-DCB3C6D2304B}.Release|Any CPU.Build.0 = Release|Any CPU
		{D329A319-E5B1-4786-B41B-DCB3C6D2304B}.Release|Mixed Platforms.ActiveCfg = Release|Any CPU
		{D329A319-E5B1-4786-B41B-DCB3C6D2304B}.Release|Mixed Platforms.Build.0 = Release|Any CPU
		{D329A319-E5B1-4786-B41B-DCB3C6D2304B}.Release|x64.ActiveCfg = Release|Any CPU
		{D329A319-E5B1-4786-B41B-DCB3C6D2304B}.Release|x64.Build.0 = Release|Any CPU
		{D329A319-E5B1-4786-B41B-DCB3C6D2304B}.Release|x86.ActiveCfg = Release|Any CPU
		{D329A319-E5B1-4786-B41B-DCB3C6D2304B}.Release|x86.Build.0 = Release|Any CPU
		{DF928D29-C19D-4373-9CE7-6DB2D2368E6E}.Automated_Build|Any CPU.ActiveCfg = Release|Any CPU
		{DF928D29-C19D-4373-9CE7-6DB2D2368E6E}.Automated_Build|Any CPU.Build.0 = Release|Any CPU
		{DF928D29-C19D-4373-9CE7-6DB2D2368E6E}.Automated_Build|Mixed Platforms.ActiveCfg = Release|Any CPU
		{DF928D29-C19D-4373-9CE7-6DB2D2368E6E}.Automated_Build|Mixed Platforms.Build.0 = Release|Any CPU
		{DF928D29-C19D-4373-9CE7-6DB2D2368E6E}.Automated_Build|x64.ActiveCfg = Release|Any CPU
		{DF928D29-C19D-4373-9CE7-6DB2D2368E6E}.Automated_Build|x64.Build.0 = Release|Any CPU
		{DF928D29-C19D-4373-9CE7-6DB2D2368E6E}.Automated_Build|x86.ActiveCfg = Release|Any CPU
		{DF928D29-C19D-4373-9CE7-6DB2D2368E6E}.Automated_Build|x86.Build.0 = Release|Any CPU
		{DF928D29-C19D-4373-9CE7-6DB2D2368E6E}.Debug|Any CPU.ActiveCfg = Debug|Any CPU
		{DF928D29-C19D-4373-9CE7-6DB2D2368E6E}.Debug|Any CPU.Build.0 = Debug|Any CPU
		{DF928D29-C19D-4373-9CE7-6DB2D2368E6E}.Debug|Mixed Platforms.ActiveCfg = Debug|Any CPU
		{DF928D29-C19D-4373-9CE7-6DB2D2368E6E}.Debug|Mixed Platforms.Build.0 = Debug|Any CPU
		{DF928D29-C19D-4373-9CE7-6DB2D2368E6E}.Debug|x64.ActiveCfg = Debug|Any CPU
		{DF928D29-C19D-4373-9CE7-6DB2D2368E6E}.Debug|x64.Build.0 = Debug|Any CPU
		{DF928D29-C19D-4373-9CE7-6DB2D2368E6E}.Debug|x86.ActiveCfg = Debug|Any CPU
		{DF928D29-C19D-4373-9CE7-6DB2D2368E6E}.Debug|x86.Build.0 = Debug|Any CPU
		{DF928D29-C19D-4373-9CE7-6DB2D2368E6E}.Release|Any CPU.ActiveCfg = Release|Any CPU
		{DF928D29-C19D-4373-9CE7-6DB2D2368E6E}.Release|Any CPU.Build.0 = Release|Any CPU
		{DF928D29-C19D-4373-9CE7-6DB2D2368E6E}.Release|Mixed Platforms.ActiveCfg = Release|Any CPU
		{DF928D29-C19D-4373-9CE7-6DB2D2368E6E}.Release|Mixed Platforms.Build.0 = Release|Any CPU
		{DF928D29-C19D-4373-9CE7-6DB2D2368E6E}.Release|x64.ActiveCfg = Release|Any CPU
		{DF928D29-C19D-4373-9CE7-6DB2D2368E6E}.Release|x64.Build.0 = Release|Any CPU
		{DF928D29-C19D-4373-9CE7-6DB2D2368E6E}.Release|x86.ActiveCfg = Release|Any CPU
		{DF928D29-C19D-4373-9CE7-6DB2D2368E6E}.Release|x86.Build.0 = Release|Any CPU
		{09338E23-0FDD-4F5E-8F0F-B770BF684527}.Automated_Build|Any CPU.ActiveCfg = Release|Any CPU
		{09338E23-0FDD-4F5E-8F0F-B770BF684527}.Automated_Build|Any CPU.Build.0 = Release|Any CPU
		{09338E23-0FDD-4F5E-8F0F-B770BF684527}.Automated_Build|Mixed Platforms.ActiveCfg = Release|Any CPU
		{09338E23-0FDD-4F5E-8F0F-B770BF684527}.Automated_Build|Mixed Platforms.Build.0 = Release|Any CPU
		{09338E23-0FDD-4F5E-8F0F-B770BF684527}.Automated_Build|x64.ActiveCfg = Release|Any CPU
		{09338E23-0FDD-4F5E-8F0F-B770BF684527}.Automated_Build|x64.Build.0 = Release|Any CPU
		{09338E23-0FDD-4F5E-8F0F-B770BF684527}.Automated_Build|x86.ActiveCfg = Release|Any CPU
		{09338E23-0FDD-4F5E-8F0F-B770BF684527}.Automated_Build|x86.Build.0 = Release|Any CPU
		{09338E23-0FDD-4F5E-8F0F-B770BF684527}.Debug|Any CPU.ActiveCfg = Debug|Any CPU
		{09338E23-0FDD-4F5E-8F0F-B770BF684527}.Debug|Any CPU.Build.0 = Debug|Any CPU
		{09338E23-0FDD-4F5E-8F0F-B770BF684527}.Debug|Mixed Platforms.ActiveCfg = Debug|Any CPU
		{09338E23-0FDD-4F5E-8F0F-B770BF684527}.Debug|Mixed Platforms.Build.0 = Debug|Any CPU
		{09338E23-0FDD-4F5E-8F0F-B770BF684527}.Debug|x64.ActiveCfg = Debug|Any CPU
		{09338E23-0FDD-4F5E-8F0F-B770BF684527}.Debug|x64.Build.0 = Debug|Any CPU
		{09338E23-0FDD-4F5E-8F0F-B770BF684527}.Debug|x86.ActiveCfg = Debug|Any CPU
		{09338E23-0FDD-4F5E-8F0F-B770BF684527}.Debug|x86.Build.0 = Debug|Any CPU
		{09338E23-0FDD-4F5E-8F0F-B770BF684527}.Release|Any CPU.ActiveCfg = Release|Any CPU
		{09338E23-0FDD-4F5E-8F0F-B770BF684527}.Release|Any CPU.Build.0 = Release|Any CPU
		{09338E23-0FDD-4F5E-8F0F-B770BF684527}.Release|Mixed Platforms.ActiveCfg = Release|Any CPU
		{09338E23-0FDD-4F5E-8F0F-B770BF684527}.Release|Mixed Platforms.Build.0 = Release|Any CPU
		{09338E23-0FDD-4F5E-8F0F-B770BF684527}.Release|x64.ActiveCfg = Release|Any CPU
		{09338E23-0FDD-4F5E-8F0F-B770BF684527}.Release|x64.Build.0 = Release|Any CPU
		{09338E23-0FDD-4F5E-8F0F-B770BF684527}.Release|x86.ActiveCfg = Release|Any CPU
		{09338E23-0FDD-4F5E-8F0F-B770BF684527}.Release|x86.Build.0 = Release|Any CPU
		{695300E1-F680-4024-886B-4C13FAD7EE80}.Automated_Build|Any CPU.ActiveCfg = Release|Any CPU
		{695300E1-F680-4024-886B-4C13FAD7EE80}.Automated_Build|Any CPU.Build.0 = Release|Any CPU
		{695300E1-F680-4024-886B-4C13FAD7EE80}.Automated_Build|Mixed Platforms.ActiveCfg = Release|Any CPU
		{695300E1-F680-4024-886B-4C13FAD7EE80}.Automated_Build|Mixed Platforms.Build.0 = Release|Any CPU
		{695300E1-F680-4024-886B-4C13FAD7EE80}.Automated_Build|x64.ActiveCfg = Release|Any CPU
		{695300E1-F680-4024-886B-4C13FAD7EE80}.Automated_Build|x64.Build.0 = Release|Any CPU
		{695300E1-F680-4024-886B-4C13FAD7EE80}.Automated_Build|x86.ActiveCfg = Release|Any CPU
		{695300E1-F680-4024-886B-4C13FAD7EE80}.Automated_Build|x86.Build.0 = Release|Any CPU
		{695300E1-F680-4024-886B-4C13FAD7EE80}.Debug|Any CPU.ActiveCfg = Debug|Any CPU
		{695300E1-F680-4024-886B-4C13FAD7EE80}.Debug|Any CPU.Build.0 = Debug|Any CPU
		{695300E1-F680-4024-886B-4C13FAD7EE80}.Debug|Mixed Platforms.ActiveCfg = Debug|Any CPU
		{695300E1-F680-4024-886B-4C13FAD7EE80}.Debug|Mixed Platforms.Build.0 = Debug|Any CPU
		{695300E1-F680-4024-886B-4C13FAD7EE80}.Debug|x64.ActiveCfg = Debug|Any CPU
		{695300E1-F680-4024-886B-4C13FAD7EE80}.Debug|x64.Build.0 = Debug|Any CPU
		{695300E1-F680-4024-886B-4C13FAD7EE80}.Debug|x86.ActiveCfg = Debug|Any CPU
		{695300E1-F680-4024-886B-4C13FAD7EE80}.Debug|x86.Build.0 = Debug|Any CPU
		{695300E1-F680-4024-886B-4C13FAD7EE80}.Release|Any CPU.ActiveCfg = Release|Any CPU
		{695300E1-F680-4024-886B-4C13FAD7EE80}.Release|Any CPU.Build.0 = Release|Any CPU
		{695300E1-F680-4024-886B-4C13FAD7EE80}.Release|Mixed Platforms.ActiveCfg = Release|Any CPU
		{695300E1-F680-4024-886B-4C13FAD7EE80}.Release|Mixed Platforms.Build.0 = Release|Any CPU
		{695300E1-F680-4024-886B-4C13FAD7EE80}.Release|x64.ActiveCfg = Release|Any CPU
		{695300E1-F680-4024-886B-4C13FAD7EE80}.Release|x64.Build.0 = Release|Any CPU
		{695300E1-F680-4024-886B-4C13FAD7EE80}.Release|x86.ActiveCfg = Release|Any CPU
		{695300E1-F680-4024-886B-4C13FAD7EE80}.Release|x86.Build.0 = Release|Any CPU
		{1ED7A74E-3321-4689-B0C2-44809F9CF087}.Automated_Build|Any CPU.ActiveCfg = Release|Any CPU
		{1ED7A74E-3321-4689-B0C2-44809F9CF087}.Automated_Build|Any CPU.Build.0 = Release|Any CPU
		{1ED7A74E-3321-4689-B0C2-44809F9CF087}.Automated_Build|Mixed Platforms.ActiveCfg = Release|Any CPU
		{1ED7A74E-3321-4689-B0C2-44809F9CF087}.Automated_Build|Mixed Platforms.Build.0 = Release|Any CPU
		{1ED7A74E-3321-4689-B0C2-44809F9CF087}.Automated_Build|x64.ActiveCfg = Release|Any CPU
		{1ED7A74E-3321-4689-B0C2-44809F9CF087}.Automated_Build|x64.Build.0 = Release|Any CPU
		{1ED7A74E-3321-4689-B0C2-44809F9CF087}.Automated_Build|x86.ActiveCfg = Release|Any CPU
		{1ED7A74E-3321-4689-B0C2-44809F9CF087}.Automated_Build|x86.Build.0 = Release|Any CPU
		{1ED7A74E-3321-4689-B0C2-44809F9CF087}.Debug|Any CPU.ActiveCfg = Debug|Any CPU
		{1ED7A74E-3321-4689-B0C2-44809F9CF087}.Debug|Any CPU.Build.0 = Debug|Any CPU
		{1ED7A74E-3321-4689-B0C2-44809F9CF087}.Debug|Mixed Platforms.ActiveCfg = Debug|Any CPU
		{1ED7A74E-3321-4689-B0C2-44809F9CF087}.Debug|Mixed Platforms.Build.0 = Debug|Any CPU
		{1ED7A74E-3321-4689-B0C2-44809F9CF087}.Debug|x64.ActiveCfg = Debug|Any CPU
		{1ED7A74E-3321-4689-B0C2-44809F9CF087}.Debug|x64.Build.0 = Debug|Any CPU
		{1ED7A74E-3321-4689-B0C2-44809F9CF087}.Debug|x86.ActiveCfg = Debug|Any CPU
		{1ED7A74E-3321-4689-B0C2-44809F9CF087}.Debug|x86.Build.0 = Debug|Any CPU
		{1ED7A74E-3321-4689-B0C2-44809F9CF087}.Release|Any CPU.ActiveCfg = Release|Any CPU
		{1ED7A74E-3321-4689-B0C2-44809F9CF087}.Release|Any CPU.Build.0 = Release|Any CPU
		{1ED7A74E-3321-4689-B0C2-44809F9CF087}.Release|Mixed Platforms.ActiveCfg = Release|Any CPU
		{1ED7A74E-3321-4689-B0C2-44809F9CF087}.Release|Mixed Platforms.Build.0 = Release|Any CPU
		{1ED7A74E-3321-4689-B0C2-44809F9CF087}.Release|x64.ActiveCfg = Release|Any CPU
		{1ED7A74E-3321-4689-B0C2-44809F9CF087}.Release|x64.Build.0 = Release|Any CPU
		{1ED7A74E-3321-4689-B0C2-44809F9CF087}.Release|x86.ActiveCfg = Release|Any CPU
		{1ED7A74E-3321-4689-B0C2-44809F9CF087}.Release|x86.Build.0 = Release|Any CPU
		{737F9E99-FAB5-4928-A881-9D8E7EFC0399}.Automated_Build|Any CPU.ActiveCfg = Release|Any CPU
		{737F9E99-FAB5-4928-A881-9D8E7EFC0399}.Automated_Build|Any CPU.Build.0 = Release|Any CPU
		{737F9E99-FAB5-4928-A881-9D8E7EFC0399}.Automated_Build|Mixed Platforms.ActiveCfg = Release|Any CPU
		{737F9E99-FAB5-4928-A881-9D8E7EFC0399}.Automated_Build|Mixed Platforms.Build.0 = Release|Any CPU
		{737F9E99-FAB5-4928-A881-9D8E7EFC0399}.Automated_Build|x64.ActiveCfg = Release|Any CPU
		{737F9E99-FAB5-4928-A881-9D8E7EFC0399}.Automated_Build|x64.Build.0 = Release|Any CPU
		{737F9E99-FAB5-4928-A881-9D8E7EFC0399}.Automated_Build|x86.ActiveCfg = Release|Any CPU
		{737F9E99-FAB5-4928-A881-9D8E7EFC0399}.Automated_Build|x86.Build.0 = Release|Any CPU
		{737F9E99-FAB5-4928-A881-9D8E7EFC0399}.Debug|Any CPU.ActiveCfg = Debug|Any CPU
		{737F9E99-FAB5-4928-A881-9D8E7EFC0399}.Debug|Any CPU.Build.0 = Debug|Any CPU
		{737F9E99-FAB5-4928-A881-9D8E7EFC0399}.Debug|Mixed Platforms.ActiveCfg = Debug|Any CPU
		{737F9E99-FAB5-4928-A881-9D8E7EFC0399}.Debug|Mixed Platforms.Build.0 = Debug|Any CPU
		{737F9E99-FAB5-4928-A881-9D8E7EFC0399}.Debug|x64.ActiveCfg = Debug|Any CPU
		{737F9E99-FAB5-4928-A881-9D8E7EFC0399}.Debug|x64.Build.0 = Debug|Any CPU
		{737F9E99-FAB5-4928-A881-9D8E7EFC0399}.Debug|x86.ActiveCfg = Debug|Any CPU
		{737F9E99-FAB5-4928-A881-9D8E7EFC0399}.Debug|x86.Build.0 = Debug|Any CPU
		{737F9E99-FAB5-4928-A881-9D8E7EFC0399}.Release|Any CPU.ActiveCfg = Release|Any CPU
		{737F9E99-FAB5-4928-A881-9D8E7EFC0399}.Release|Any CPU.Build.0 = Release|Any CPU
		{737F9E99-FAB5-4928-A881-9D8E7EFC0399}.Release|Mixed Platforms.ActiveCfg = Release|Any CPU
		{737F9E99-FAB5-4928-A881-9D8E7EFC0399}.Release|Mixed Platforms.Build.0 = Release|Any CPU
		{737F9E99-FAB5-4928-A881-9D8E7EFC0399}.Release|x64.ActiveCfg = Release|Any CPU
		{737F9E99-FAB5-4928-A881-9D8E7EFC0399}.Release|x64.Build.0 = Release|Any CPU
		{737F9E99-FAB5-4928-A881-9D8E7EFC0399}.Release|x86.ActiveCfg = Release|Any CPU
		{737F9E99-FAB5-4928-A881-9D8E7EFC0399}.Release|x86.Build.0 = Release|Any CPU
		{4215FCBE-6734-4E90-A2CB-ECADF7439B4F}.Automated_Build|Any CPU.ActiveCfg = Release|Any CPU
		{4215FCBE-6734-4E90-A2CB-ECADF7439B4F}.Automated_Build|Any CPU.Build.0 = Release|Any CPU
		{4215FCBE-6734-4E90-A2CB-ECADF7439B4F}.Automated_Build|Mixed Platforms.ActiveCfg = Release|Any CPU
		{4215FCBE-6734-4E90-A2CB-ECADF7439B4F}.Automated_Build|Mixed Platforms.Build.0 = Release|Any CPU
		{4215FCBE-6734-4E90-A2CB-ECADF7439B4F}.Automated_Build|x64.ActiveCfg = Release|Any CPU
		{4215FCBE-6734-4E90-A2CB-ECADF7439B4F}.Automated_Build|x64.Build.0 = Release|Any CPU
		{4215FCBE-6734-4E90-A2CB-ECADF7439B4F}.Automated_Build|x86.ActiveCfg = Release|Any CPU
		{4215FCBE-6734-4E90-A2CB-ECADF7439B4F}.Automated_Build|x86.Build.0 = Release|Any CPU
		{4215FCBE-6734-4E90-A2CB-ECADF7439B4F}.Debug|Any CPU.ActiveCfg = Debug|Any CPU
		{4215FCBE-6734-4E90-A2CB-ECADF7439B4F}.Debug|Any CPU.Build.0 = Debug|Any CPU
		{4215FCBE-6734-4E90-A2CB-ECADF7439B4F}.Debug|Mixed Platforms.ActiveCfg = Debug|Any CPU
		{4215FCBE-6734-4E90-A2CB-ECADF7439B4F}.Debug|Mixed Platforms.Build.0 = Debug|Any CPU
		{4215FCBE-6734-4E90-A2CB-ECADF7439B4F}.Debug|x64.ActiveCfg = Debug|Any CPU
		{4215FCBE-6734-4E90-A2CB-ECADF7439B4F}.Debug|x64.Build.0 = Debug|Any CPU
		{4215FCBE-6734-4E90-A2CB-ECADF7439B4F}.Debug|x86.ActiveCfg = Debug|Any CPU
		{4215FCBE-6734-4E90-A2CB-ECADF7439B4F}.Debug|x86.Build.0 = Debug|Any CPU
		{4215FCBE-6734-4E90-A2CB-ECADF7439B4F}.Release|Any CPU.ActiveCfg = Release|Any CPU
		{4215FCBE-6734-4E90-A2CB-ECADF7439B4F}.Release|Any CPU.Build.0 = Release|Any CPU
		{4215FCBE-6734-4E90-A2CB-ECADF7439B4F}.Release|Mixed Platforms.ActiveCfg = Release|Any CPU
		{4215FCBE-6734-4E90-A2CB-ECADF7439B4F}.Release|Mixed Platforms.Build.0 = Release|Any CPU
		{4215FCBE-6734-4E90-A2CB-ECADF7439B4F}.Release|x64.ActiveCfg = Release|Any CPU
		{4215FCBE-6734-4E90-A2CB-ECADF7439B4F}.Release|x64.Build.0 = Release|Any CPU
		{4215FCBE-6734-4E90-A2CB-ECADF7439B4F}.Release|x86.ActiveCfg = Release|Any CPU
		{4215FCBE-6734-4E90-A2CB-ECADF7439B4F}.Release|x86.Build.0 = Release|Any CPU
	EndGlobalSection
	GlobalSection(SolutionProperties) = preSolution
		HideSolutionNode = FALSE
	EndGlobalSection
EndGlobal
