
Microsoft Visual Studio Solution File, Format Version 12.00
# Visual Studio 15
VisualStudioVersion = 15.0.26228.9
MinimumVisualStudioVersion = 10.0.40219.1
Project("{FAE04EC0-301F-11D3-BF4B-00C04F79EFBC}") = "PatternTools", "..\..\PatternTools\PatternTools.csproj", "{6D69C8A1-9D73-4E86-956F-BBF3392496C9}"
EndProject
Project("{FAE04EC0-301F-11D3-BF4B-00C04F79EFBC}") = "XQuant", "..\XQuant\XQuant.csproj", "{CEF43E44-A86C-496E-99FB-AF148C7988EF}"
EndProject
Project("{FAE04EC0-301F-11D3-BF4B-00C04F79EFBC}") = "PLP", "..\..\PLP\PLP.csproj", "{08C2B4D7-20DD-4C42-8F27-C9A42AFE499D}"
EndProject
Project("{FAE04EC0-301F-11D3-BF4B-00C04F79EFBC}") = "SEPRPackage", "..\..\SEPRPackage\SEPRPackage.csproj", "{7E2AB1FB-3420-41D3-9028-6AA4BAE3DA90}"
EndProject
Project("{FAE04EC0-301F-11D3-BF4B-00C04F79EFBC}") = "XQuantPairWiseAnalyzer", "XQuantPairWiseAnalyzer.csproj", "{54BBC609-18E3-4FA3-BE5E-68680A4C9C74}"
EndProject
Global
	GlobalSection(SolutionConfigurationPlatforms) = preSolution
		Debug|Any CPU = Debug|Any CPU
		Debug|x64 = Debug|x64
		Debug|x86 = Debug|x86
		Release|Any CPU = Release|Any CPU
		Release|x64 = Release|x64
		Release|x86 = Release|x86
	EndGlobalSection
	GlobalSection(ProjectConfigurationPlatforms) = postSolution
		{6D69C8A1-9D73-4E86-956F-BBF3392496C9}.Debug|Any CPU.ActiveCfg = Debug|Any CPU
		{6D69C8A1-9D73-4E86-956F-BBF3392496C9}.Debug|Any CPU.Build.0 = Debug|Any CPU
		{6D69C8A1-9D73-4E86-956F-BBF3392496C9}.Debug|x64.ActiveCfg = Debug|x64
		{6D69C8A1-9D73-4E86-956F-BBF3392496C9}.Debug|x64.Build.0 = Debug|x64
		{6D69C8A1-9D73-4E86-956F-BBF3392496C9}.Debug|x86.ActiveCfg = Debug|x86
		{6D69C8A1-9D73-4E86-956F-BBF3392496C9}.Debug|x86.Build.0 = Debug|x86
		{6D69C8A1-9D73-4E86-956F-BBF3392496C9}.Release|Any CPU.ActiveCfg = Release|Any CPU
		{6D69C8A1-9D73-4E86-956F-BBF3392496C9}.Release|Any CPU.Build.0 = Release|Any CPU
		{6D69C8A1-9D73-4E86-956F-BBF3392496C9}.Release|x64.ActiveCfg = Release|x64
		{6D69C8A1-9D73-4E86-956F-BBF3392496C9}.Release|x64.Build.0 = Release|x64
		{6D69C8A1-9D73-4E86-956F-BBF3392496C9}.Release|x86.ActiveCfg = Release|x86
		{6D69C8A1-9D73-4E86-956F-BBF3392496C9}.Release|x86.Build.0 = Release|x86
		{CEF43E44-A86C-496E-99FB-AF148C7988EF}.Debug|Any CPU.ActiveCfg = Debug|Any CPU
		{CEF43E44-A86C-496E-99FB-AF148C7988EF}.Debug|Any CPU.Build.0 = Debug|Any CPU
		{CEF43E44-A86C-496E-99FB-AF148C7988EF}.Debug|x64.ActiveCfg = Debug|Any CPU
		{CEF43E44-A86C-496E-99FB-AF148C7988EF}.Debug|x64.Build.0 = Debug|Any CPU
		{CEF43E44-A86C-496E-99FB-AF148C7988EF}.Debug|x86.ActiveCfg = Debug|Any CPU
		{CEF43E44-A86C-496E-99FB-AF148C7988EF}.Debug|x86.Build.0 = Debug|Any CPU
		{CEF43E44-A86C-496E-99FB-AF148C7988EF}.Release|Any CPU.ActiveCfg = Release|Any CPU
		{CEF43E44-A86C-496E-99FB-AF148C7988EF}.Release|Any CPU.Build.0 = Release|Any CPU
		{CEF43E44-A86C-496E-99FB-AF148C7988EF}.Release|x64.ActiveCfg = Release|Any CPU
		{CEF43E44-A86C-496E-99FB-AF148C7988EF}.Release|x64.Build.0 = Release|Any CPU
		{CEF43E44-A86C-496E-99FB-AF148C7988EF}.Release|x86.ActiveCfg = Release|Any CPU
		{CEF43E44-A86C-496E-99FB-AF148C7988EF}.Release|x86.Build.0 = Release|Any CPU
		{08C2B4D7-20DD-4C42-8F27-C9A42AFE499D}.Debug|Any CPU.ActiveCfg = Debug|Any CPU
		{08C2B4D7-20DD-4C42-8F27-C9A42AFE499D}.Debug|Any CPU.Build.0 = Debug|Any CPU
		{08C2B4D7-20DD-4C42-8F27-C9A42AFE499D}.Debug|x64.ActiveCfg = Debug|Any CPU
		{08C2B4D7-20DD-4C42-8F27-C9A42AFE499D}.Debug|x64.Build.0 = Debug|Any CPU
		{08C2B4D7-20DD-4C42-8F27-C9A42AFE499D}.Debug|x86.ActiveCfg = Debug|Any CPU
		{08C2B4D7-20DD-4C42-8F27-C9A42AFE499D}.Debug|x86.Build.0 = Debug|Any CPU
		{08C2B4D7-20DD-4C42-8F27-C9A42AFE499D}.Release|Any CPU.ActiveCfg = Release|Any CPU
		{08C2B4D7-20DD-4C42-8F27-C9A42AFE499D}.Release|Any CPU.Build.0 = Release|Any CPU
		{08C2B4D7-20DD-4C42-8F27-C9A42AFE499D}.Release|x64.ActiveCfg = Release|Any CPU
		{08C2B4D7-20DD-4C42-8F27-C9A42AFE499D}.Release|x64.Build.0 = Release|Any CPU
		{08C2B4D7-20DD-4C42-8F27-C9A42AFE499D}.Release|x86.ActiveCfg = Release|Any CPU
		{08C2B4D7-20DD-4C42-8F27-C9A42AFE499D}.Release|x86.Build.0 = Release|Any CPU
		{7E2AB1FB-3420-41D3-9028-6AA4BAE3DA90}.Debug|Any CPU.ActiveCfg = Debug|Any CPU
		{7E2AB1FB-3420-41D3-9028-6AA4BAE3DA90}.Debug|Any CPU.Build.0 = Debug|Any CPU
		{7E2AB1FB-3420-41D3-9028-6AA4BAE3DA90}.Debug|x64.ActiveCfg = Debug|x64
		{7E2AB1FB-3420-41D3-9028-6AA4BAE3DA90}.Debug|x64.Build.0 = Debug|x64
		{7E2AB1FB-3420-41D3-9028-6AA4BAE3DA90}.Debug|x86.ActiveCfg = Debug|Any CPU
		{7E2AB1FB-3420-41D3-9028-6AA4BAE3DA90}.Debug|x86.Build.0 = Debug|Any CPU
		{7E2AB1FB-3420-41D3-9028-6AA4BAE3DA90}.Release|Any CPU.ActiveCfg = Release|Any CPU
		{7E2AB1FB-3420-41D3-9028-6AA4BAE3DA90}.Release|Any CPU.Build.0 = Release|Any CPU
		{7E2AB1FB-3420-41D3-9028-6AA4BAE3DA90}.Release|x64.ActiveCfg = Release|x64
		{7E2AB1FB-3420-41D3-9028-6AA4BAE3DA90}.Release|x64.Build.0 = Release|x64
		{7E2AB1FB-3420-41D3-9028-6AA4BAE3DA90}.Release|x86.ActiveCfg = Release|Any CPU
		{7E2AB1FB-3420-41D3-9028-6AA4BAE3DA90}.Release|x86.Build.0 = Release|Any CPU
		{54BBC609-18E3-4FA3-BE5E-68680A4C9C74}.Debug|Any CPU.ActiveCfg = Debug|Any CPU
		{54BBC609-18E3-4FA3-BE5E-68680A4C9C74}.Debug|Any CPU.Build.0 = Debug|Any CPU
		{54BBC609-18E3-4FA3-BE5E-68680A4C9C74}.Debug|x64.ActiveCfg = Debug|Any CPU
		{54BBC609-18E3-4FA3-BE5E-68680A4C9C74}.Debug|x64.Build.0 = Debug|Any CPU
		{54BBC609-18E3-4FA3-BE5E-68680A4C9C74}.Debug|x86.ActiveCfg = Debug|Any CPU
		{54BBC609-18E3-4FA3-BE5E-68680A4C9C74}.Debug|x86.Build.0 = Debug|Any CPU
		{54BBC609-18E3-4FA3-BE5E-68680A4C9C74}.Release|Any CPU.ActiveCfg = Release|Any CPU
		{54BBC609-18E3-4FA3-BE5E-68680A4C9C74}.Release|Any CPU.Build.0 = Release|Any CPU
		{54BBC609-18E3-4FA3-BE5E-68680A4C9C74}.Release|x64.ActiveCfg = Release|Any CPU
		{54BBC609-18E3-4FA3-BE5E-68680A4C9C74}.Release|x64.Build.0 = Release|Any CPU
		{54BBC609-18E3-4FA3-BE5E-68680A4C9C74}.Release|x86.ActiveCfg = Release|Any CPU
		{54BBC609-18E3-4FA3-BE5E-68680A4C9C74}.Release|x86.Build.0 = Release|Any CPU
	EndGlobalSection
	GlobalSection(SolutionProperties) = preSolution
		HideSolutionNode = FALSE
	EndGlobalSection
EndGlobal
